// !$*UTF8*$!
{
	archiveVersion = 1;
	classes = {
	};
	objectVersion = 46;
	objects = {
		9AB0A3E4A4DFE5C9A278C9FF = {
			isa = PBXBuildFile;
			fileRef = 4895231C3654A7FED93AAFCA;
		};
		9F1607698F6259223967AA00 = {
			isa = PBXBuildFile;
			fileRef = DF1D234C6F1080B67FB189F6;
		};
		B1C5CDC42086FB94894D6388 = {
			isa = PBXBuildFile;
			fileRef = A867BF63AC4F3AF5165775CA;
		};
		C846D5E5E0441E8422750F1C = {
			isa = PBXBuildFile;
			fileRef = A41AEF80194C858C730CC45D;
		};
		F2C4B0F550A1F876918D3625 = {
			isa = PBXBuildFile;
			fileRef = B2EFA502DD4FF0BE5ACAF496;
		};
		5CB020A5B95E731588994BD3 = {
			isa = PBXBuildFile;
			fileRef = 161BD9A6E0962B560E4DFCC8;
		};
		5474A1BD1A824D56D4C4AB38 = {
			isa = PBXBuildFile;
			fileRef = D434557ECD8DCFB42E0E14CF;
		};
		019C1E88D2917FEA9BF85CF4 = {
			isa = PBXBuildFile;
			fileRef = 7FD61187EC8231B4BF61F380;
		};
		42CDC22C455DC0A442D10032 = {
			isa = PBXBuildFile;
			fileRef = 4753AEDE32CF80216D09D3FE;
		};
		AFA92E32D939D69AB425BBAA = {
			isa = PBXBuildFile;
			fileRef = CC5E4B82D092682ABCBD710E;
		};
		3D13E2423A17096A8CF4A9E5 = {
			isa = PBXBuildFile;
			fileRef = 44182ECFD60A561AD77E11AD;
		};
		28E1B92DE9996E9237AF0871 = {
			isa = PBXBuildFile;
			fileRef = D735442B576FB2791CCE853C;
		};
		ACFE9D81D9EE89FE300389B4 = {
			isa = PBXBuildFile;
			fileRef = 263340F91012D465C3018DB3;
		};
		16B7776D1F905F38BF33CCF2 = {
			isa = PBXBuildFile;
			fileRef = B7A98E90D0C526AB91E2BAAF;
		};
		98E7E87AA9AED452B13F773D = {
			isa = PBXBuildFile;
			fileRef = 0FB12DA9B59DF78E46A2B03D;
		};
		CBFE5122DB4F1178D8BEDAF7 = {
			isa = PBXBuildFile;
			fileRef = 458E0A709A1E19D8975B7ECE;
		};
		88300320E05B21017FEFC5DA = {
			isa = PBXBuildFile;
			fileRef = EE46872BCE4B3AE166A2D5A5;
		};
		B2858FE3BEA6AB6C848E649A = {
			isa = PBXBuildFile;
			fileRef = 93005ECF289F722B02FD5D07;
		};
		8E0966BB31FF7AEF622B12BC = {
			isa = PBXBuildFile;
			fileRef = 52152DF9A5F455E8F383F37D;
		};
		26E295F78E4DEA67D38F6741 = {
			isa = PBXBuildFile;
			fileRef = 335BBB8409ED195D63AC9ACF;
		};
		650816A7EA2EF6E9EE8EE17F = {
			isa = PBXBuildFile;
			fileRef = A505012699DD917B422B59FA;
		};
		26DC4DBB9245F92FC45E4F28 = {
			isa = PBXBuildFile;
			fileRef = 30844458AF6A4A72E20108CD;
		};
		7867A908ED22F60B8B4B5914 = {
			isa = PBXBuildFile;
			fileRef = 7AFEC1B0AFD8DEFFC99EF601;
		};
		E8DD146C5C163F6D11B5D904 = {
			isa = PBXBuildFile;
			fileRef = 95964BC3DFDE87355069A3BF;
		};
		C7CE2AED4FCBBEE6A1DF2B89 = {
			isa = PBXBuildFile;
			fileRef = 00892A7E9052235D4CAD193F;
		};
		2B2951951E4F38BB3D6076A5 = {
			isa = PBXBuildFile;
			fileRef = 0B7F395961E900B3454CE1EE;
		};
		4C712C953EE16260E7E18FDB = {
			isa = PBXBuildFile;
			fileRef = 44144577FCE940287E6C7994;
		};
		B096E9DE20D6CD2A775EE4E8 = {
			isa = PBXBuildFile;
			fileRef = F268F91061E707C3BB7BEB9D;
		};
		7865F44A2F01AE71E9BCA6CE = {
			isa = PBXBuildFile;
			fileRef = C526CEF59AB86FA99C19F6CE;
		};
		7183C9FDBC0C86D439268A64 = {
			isa = PBXBuildFile;
			fileRef = 4BC05456770C0594E447E9EE;
		};
		AC343C51961C0A99CB7DBF65 = {
			isa = PBXBuildFile;
			fileRef = DB04FB22A587B71E2F01DA06;
		};
		602DF313649D8E3F1F2712C8 = {
			isa = PBXBuildFile;
			fileRef = E2B95EE453DC775159251A01;
		};
		9084EFFE46A9397B19FAD950 = {
			isa = PBXBuildFile;
			fileRef = 0EA4D2026CE6E148208D9695;
		};
		51356D2A645954342B396AF5 = {
			isa = PBXBuildFile;
			fileRef = FB5AD0442DF8ED67E35CEA99;
		};
		8668BF5662D48F4999ECB8D5 = {
			isa = PBXBuildFile;
			fileRef = E399DB1284978FD9135BC325;
		};
		2082AE9C66F540AA0ADC971C = {
			isa = PBXBuildFile;
			fileRef = 1E59D60DFD19CA342B63FF71;
		};
		C664AB51CE27548EFBEA2446 = {
			isa = PBXBuildFile;
			fileRef = B36C6004E753C93F0D665BD1;
		};
		A10E4C216918D0062ACFA7A2 = {
			isa = PBXBuildFile;
			fileRef = 8A399C4FD26F3CB95DCC9DE9;
		};
		661C4DC47044FBCE7E130B1C = {
			isa = PBXBuildFile;
			fileRef = 953178DB16F8EBAD522DEAF7;
		};
		00892A7E9052235D4CAD193F = {
			isa = PBXFileReference;
			lastKnownFileType = sourcecode.cpp.objcpp;
			name = "include_juce_audio_plugin_client_AU_1.mm";
			path = "../../JuceLibraryCode/include_juce_audio_plugin_client_AU_1.mm";
			sourceTree = "SOURCE_ROOT";
		};
		0B14DE3CFE0D186AF083967C = {
			isa = PBXFileReference;
			lastKnownFileType = sourcecode.c.h;
			name = JuceHeader.h;
			path = ../../JuceLibraryCode/JuceHeader.h;
			sourceTree = "SOURCE_ROOT";
		};
		0B7F395961E900B3454CE1EE = {
			isa = PBXFileReference;
			lastKnownFileType = sourcecode.cpp.objcpp;
			name = "include_juce_audio_plugin_client_AU_2.mm";
			path = "../../JuceLibraryCode/include_juce_audio_plugin_client_AU_2.mm";
			sourceTree = "SOURCE_ROOT";
		};
		0BB93E44060CCB19178DBE40 = {
			isa = PBXFileReference;
			lastKnownFileType = file;
			name = "juce_graphics";
			path = "/Users/jakekelsoe/Desktop/juce/JUCE/modules/juce_graphics";
			sourceTree = "<absolute>";
		};
		0CB2DF832E64532FDB134947 = {
			isa = PBXFileReference;
			lastKnownFileType = image.png;
			name = badChannelKnob.png;
			path = ../../Resources/badChannelKnob.png;
			sourceTree = "SOURCE_ROOT";
		};
		0EA4D2026CE6E148208D9695 = {
			isa = PBXFileReference;
			lastKnownFileType = sourcecode.cpp.objcpp;
			name = "include_juce_core.mm";
			path = "../../JuceLibraryCode/include_juce_core.mm";
			sourceTree = "SOURCE_ROOT";
		};
		0FB12DA9B59DF78E46A2B03D = {
			isa = PBXFileReference;
			lastKnownFileType = wrapper.framework;
			name = QuartzCore.framework;
			path = System/Library/Frameworks/QuartzCore.framework;
			sourceTree = SDKROOT;
		};
		113AEF25376C0563E15C01DC = {
			isa = PBXFileReference;
			lastKnownFileType = text.plist.xml;
			name = "Info-Standalone_Plugin.plist";
			path = "Info-Standalone_Plugin.plist";
			sourceTree = "SOURCE_ROOT";
		};
		161BD9A6E0962B560E4DFCC8 = {
			isa = PBXFileReference;
			lastKnownFileType = wrapper.framework;
			name = Accelerate.framework;
			path = System/Library/Frameworks/Accelerate.framework;
			sourceTree = SDKROOT;
		};
		185780D9109BAD9EC84DCB97 = {
			isa = PBXFileReference;
			lastKnownFileType = file;
			name = "juce_events";
			path = "/Users/jakekelsoe/Desktop/juce/JUCE/modules/juce_events";
			sourceTree = "<absolute>";
		};
		1E59D60DFD19CA342B63FF71 = {
			isa = PBXFileReference;
			lastKnownFileType = sourcecode.cpp.objcpp;
			name = "include_juce_events.mm";
			path = "../../JuceLibraryCode/include_juce_events.mm";
			sourceTree = "SOURCE_ROOT";
		};
		263340F91012D465C3018DB3 = {
			isa = PBXFileReference;
			lastKnownFileType = wrapper.framework;
			name = DiscRecording.framework;
			path = System/Library/Frameworks/DiscRecording.framework;
			sourceTree = SDKROOT;
		};
		30844458AF6A4A72E20108CD = {
			isa = PBXFileReference;
			lastKnownFileType = sourcecode.cpp.objcpp;
			name = "include_juce_audio_devices.mm";
			path = "../../JuceLibraryCode/include_juce_audio_devices.mm";
			sourceTree = "SOURCE_ROOT";
		};
		335BBB8409ED195D63AC9ACF = {
			isa = PBXFileReference;
			lastKnownFileType = sourcecode.cpp.cpp;
			name = BinaryData.cpp;
			path = ../../JuceLibraryCode/BinaryData.cpp;
			sourceTree = "SOURCE_ROOT";
		};
		3438EECC58CE0B6612B9D7AF = {
			isa = PBXFileReference;
			lastKnownFileType = file;
			name = "juce_audio_processors";
			path = "/Users/jakekelsoe/Desktop/juce/JUCE/modules/juce_audio_processors";
			sourceTree = "<absolute>";
		};
		3485D574E08A677196D2BF1A = {
			isa = PBXFileReference;
			lastKnownFileType = sourcecode.c.h;
			name = PluginProcessor.h;
			path = ../../Source/PluginProcessor.h;
			sourceTree = "SOURCE_ROOT";
		};
		40BA49B5941BF5790C2B8333 = {
			isa = PBXFileReference;
			lastKnownFileType = file.ttf;
			name = "Dogmagicfont-Regular.ttf";
			path = "../../Resources/Dogmagicfont-Regular.ttf";
			sourceTree = "SOURCE_ROOT";
		};
		44144577FCE940287E6C7994 = {
			isa = PBXFileReference;
			lastKnownFileType = sourcecode.cpp.cpp;
			name = "include_juce_audio_plugin_client_Standalone.cpp";
			path = "../../JuceLibraryCode/include_juce_audio_plugin_client_Standalone.cpp";
			sourceTree = "SOURCE_ROOT";
		};
		44182ECFD60A561AD77E11AD = {
			isa = PBXFileReference;
			lastKnownFileType = wrapper.framework;
			name = CoreAudioKit.framework;
			path = System/Library/Frameworks/CoreAudioKit.framework;
			sourceTree = SDKROOT;
		};
		458E0A709A1E19D8975B7ECE = {
			isa = PBXFileReference;
			lastKnownFileType = wrapper.framework;
			name = WebKit.framework;
			path = System/Library/Frameworks/WebKit.framework;
			sourceTree = SDKROOT;
		};
		4753AEDE32CF80216D09D3FE = {
			isa = PBXFileReference;
			lastKnownFileType = wrapper.framework;
			name = Cocoa.framework;
			path = System/Library/Frameworks/Cocoa.framework;
			sourceTree = SDKROOT;
		};
		4895231C3654A7FED93AAFCA = {
			isa = PBXFileReference;
			explicitFileType = wrapper.cfbundle;
			includeInIndex = 0;
			path = BadChannelModDemo.vst3;
			sourceTree = "BUILT_PRODUCTS_DIR";
		};
		4900FF31D33D3E9ED6C0590C = {
			isa = PBXFileReference;
			lastKnownFileType = image.png;
			name = bcModDemoGUI.png;
			path = ../../Resources/bcModDemoGUI.png;
			sourceTree = "SOURCE_ROOT";
		};
		4BC05456770C0594E447E9EE = {
			isa = PBXFileReference;
			lastKnownFileType = sourcecode.cpp.cpp;
			name = "include_juce_audio_plugin_client_VST3.cpp";
			path = "../../JuceLibraryCode/include_juce_audio_plugin_client_VST3.cpp";
			sourceTree = "SOURCE_ROOT";
		};
		52152DF9A5F455E8F383F37D = {
			isa = PBXFileReference;
			lastKnownFileType = sourcecode.cpp.cpp;
			name = PluginEditor.cpp;
			path = ../../Source/PluginEditor.cpp;
			sourceTree = "SOURCE_ROOT";
		};
		6418F055C92D0F546F825F1B = {
			isa = PBXFileReference;
			lastKnownFileType = file;
			name = "juce_audio_utils";
			path = "/Users/jakekelsoe/Desktop/juce/JUCE/modules/juce_audio_utils";
			sourceTree = "<absolute>";
		};
		770F764046516B52EEAEB3B5 = {
			isa = PBXFileReference;
			lastKnownFileType = file;
			name = "juce_core";
			path = "/Users/jakekelsoe/Desktop/juce/JUCE/modules/juce_core";
			sourceTree = "<absolute>";
		};
		7AFEC1B0AFD8DEFFC99EF601 = {
			isa = PBXFileReference;
			lastKnownFileType = sourcecode.cpp.objcpp;
			name = "include_juce_audio_formats.mm";
			path = "../../JuceLibraryCode/include_juce_audio_formats.mm";
			sourceTree = "SOURCE_ROOT";
		};
		7C529196A2694B5B98666D2E = {
			isa = PBXFileReference;
			lastKnownFileType = file;
			name = "juce_audio_basics";
			path = "/Users/jakekelsoe/Desktop/juce/JUCE/modules/juce_audio_basics";
			sourceTree = "<absolute>";
		};
		7F135D9E734A72696AACC6FB = {
			isa = PBXFileReference;
			lastKnownFileType = file;
			name = "juce_data_structures";
			path = "/Users/jakekelsoe/Desktop/juce/JUCE/modules/juce_data_structures";
			sourceTree = "<absolute>";
		};
		7FD61187EC8231B4BF61F380 = {
			isa = PBXFileReference;
			lastKnownFileType = wrapper.framework;
			name = Carbon.framework;
			path = System/Library/Frameworks/Carbon.framework;
			sourceTree = SDKROOT;
		};
		8036A0ED9463D18C2C122448 = {
			isa = PBXFileReference;
			lastKnownFileType = text.plist.xml;
			name = "Info-AU.plist";
			path = "Info-AU.plist";
			sourceTree = "SOURCE_ROOT";
		};
		84560413C7B0FE1CC3BC544F = {
			isa = PBXFileReference;
			lastKnownFileType = file;
			name = "juce_dsp";
			path = "/Users/jakekelsoe/Desktop/juce/JUCE/modules/juce_dsp";
			sourceTree = "<absolute>";
		};
		8A399C4FD26F3CB95DCC9DE9 = {
			isa = PBXFileReference;
			lastKnownFileType = sourcecode.cpp.objcpp;
			name = "include_juce_gui_basics.mm";
			path = "../../JuceLibraryCode/include_juce_gui_basics.mm";
			sourceTree = "SOURCE_ROOT";
		};
		8BCA891056DE323060742C60 = {
			isa = PBXFileReference;
			lastKnownFileType = text.plist.xml;
			name = "Info-VST3.plist";
			path = "Info-VST3.plist";
			sourceTree = "SOURCE_ROOT";
		};
		91E1790C5D97AEBF6C4A0AC4 = {
			isa = PBXFileReference;
			lastKnownFileType = sourcecode.c.h;
			name = ParamSmoother.h;
			path = ../../Source/ParamSmoother.h;
			sourceTree = "SOURCE_ROOT";
		};
		93005ECF289F722B02FD5D07 = {
			isa = PBXFileReference;
			lastKnownFileType = sourcecode.cpp.cpp;
			name = PluginProcessor.cpp;
			path = ../../Source/PluginProcessor.cpp;
			sourceTree = "SOURCE_ROOT";
		};
		9304CA97C223B8DCE84A632D = {
			isa = PBXFileReference;
			lastKnownFileType = file;
			name = "juce_audio_devices";
			path = "/Users/jakekelsoe/Desktop/juce/JUCE/modules/juce_audio_devices";
			sourceTree = "<absolute>";
		};
		953178DB16F8EBAD522DEAF7 = {
			isa = PBXFileReference;
			lastKnownFileType = sourcecode.cpp.objcpp;
			name = "include_juce_gui_extra.mm";
			path = "../../JuceLibraryCode/include_juce_gui_extra.mm";
			sourceTree = "SOURCE_ROOT";
		};
		95964BC3DFDE87355069A3BF = {
			isa = PBXFileReference;
			lastKnownFileType = file.r;
			name = "include_juce_audio_plugin_client_AU.r";
			path = "../../JuceLibraryCode/include_juce_audio_plugin_client_AU.r";
			sourceTree = "SOURCE_ROOT";
		};
		A505012699DD917B422B59FA = {
			isa = PBXFileReference;
			lastKnownFileType = sourcecode.cpp.objcpp;
			name = "include_juce_audio_basics.mm";
			path = "../../JuceLibraryCode/include_juce_audio_basics.mm";
			sourceTree = "SOURCE_ROOT";
		};
		A614630A22584B625EEB1503 = {
			isa = PBXFileReference;
			lastKnownFileType = file;
			name = "juce_gui_basics";
			path = "/Users/jakekelsoe/Desktop/juce/JUCE/modules/juce_gui_basics";
			sourceTree = "<absolute>";
		};
		B7A98E90D0C526AB91E2BAAF = {
			isa = PBXFileReference;
			lastKnownFileType = wrapper.framework;
			name = IOKit.framework;
			path = System/Library/Frameworks/IOKit.framework;
			sourceTree = SDKROOT;
		};
		C526CEF59AB86FA99C19F6CE = {
			isa = PBXFileReference;
			lastKnownFileType = sourcecode.cpp.objcpp;
			name = "include_juce_audio_plugin_client_VST_utils.mm";
			path = "../../JuceLibraryCode/include_juce_audio_plugin_client_VST_utils.mm";
			sourceTree = "SOURCE_ROOT";
		};
		C86B050EB6271336BD8F2A35 = {
			isa = PBXFileReference;
			lastKnownFileType = file;
			name = "juce_gui_extra";
			path = "/Users/jakekelsoe/Desktop/juce/JUCE/modules/juce_gui_extra";
			sourceTree = "<absolute>";
		};
		CC5E4B82D092682ABCBD710E = {
			isa = PBXFileReference;
			lastKnownFileType = wrapper.framework;
			name = CoreAudio.framework;
			path = System/Library/Frameworks/CoreAudio.framework;
			sourceTree = SDKROOT;
		};
		DF1D234C6F1080B67FB189F6 = {
			isa = PBXFileReference;
			explicitFileType = wrapper.cfbundle;
			includeInIndex = 0;
			path = BadChannelModDemo.component;
			sourceTree = "BUILT_PRODUCTS_DIR";
		};
		A867BF63AC4F3AF5165775CA = {
			isa = PBXFileReference;
			explicitFileType = wrapper.application;
			includeInIndex = 0;
			path = BadChannelModDemo.app;
			sourceTree = "BUILT_PRODUCTS_DIR";
		};
		A41AEF80194C858C730CC45D = {
			isa = PBXFileReference;
			explicitFileType = archive.ar;
			includeInIndex = 0;
			path = libBadChannelModDemo.a;
			sourceTree = "BUILT_PRODUCTS_DIR";
		};
		B2EFA502DD4FF0BE5ACAF496 = {
			isa = PBXFileReference;
			lastKnownFileType = wrapper.framework;
			name = AudioUnit.framework;
			path = System/Library/Frameworks/AudioUnit.framework;
			sourceTree = SDKROOT;
		};
		B36C6004E753C93F0D665BD1 = {
			isa = PBXFileReference;
			lastKnownFileType = sourcecode.cpp.objcpp;
			name = "include_juce_graphics.mm";
			path = "../../JuceLibraryCode/include_juce_graphics.mm";
			sourceTree = "SOURCE_ROOT";
		};
		B4BFDD056C76FA6AF6F5B390 = {
			isa = PBXFileReference;
			lastKnownFileType = sourcecode.c.h;
			name = PluginEditor.h;
			path = ../../Source/PluginEditor.h;
			sourceTree = "SOURCE_ROOT";
		};
		C26508F2553B3CA97EB52BA1 = {
			isa = PBXFileReference;
			lastKnownFileType = file;
			name = "juce_audio_plugin_client";
			path = "/Users/jakekelsoe/Desktop/juce/JUCE/modules/juce_audio_plugin_client";
			sourceTree = "<absolute>";
		};
		D434557ECD8DCFB42E0E14CF = {
			isa = PBXFileReference;
			lastKnownFileType = wrapper.framework;
			name = AudioToolbox.framework;
			path = System/Library/Frameworks/AudioToolbox.framework;
			sourceTree = SDKROOT;
		};
		D735442B576FB2791CCE853C = {
			isa = PBXFileReference;
			lastKnownFileType = wrapper.framework;
			name = CoreMIDI.framework;
			path = System/Library/Frameworks/CoreMIDI.framework;
			sourceTree = SDKROOT;
		};
		DB04FB22A587B71E2F01DA06 = {
			isa = PBXFileReference;
			lastKnownFileType = sourcecode.cpp.objcpp;
			name = "include_juce_audio_processors.mm";
			path = "../../JuceLibraryCode/include_juce_audio_processors.mm";
			sourceTree = "SOURCE_ROOT";
		};
		DB6B787088C6C3FD5CA99A4A = {
			isa = PBXFileReference;
			lastKnownFileType = sourcecode.c.h;
			name = JucePluginDefines.h;
			path = ../../JuceLibraryCode/JucePluginDefines.h;
			sourceTree = "SOURCE_ROOT";
		};
		E248135D63ADC93066295079 = {
			isa = PBXFileReference;
			lastKnownFileType = sourcecode.c.h;
			name = BinaryData.h;
			path = ../../JuceLibraryCode/BinaryData.h;
			sourceTree = "SOURCE_ROOT";
		};
		E2B95EE453DC775159251A01 = {
			isa = PBXFileReference;
			lastKnownFileType = sourcecode.cpp.objcpp;
			name = "include_juce_audio_utils.mm";
			path = "../../JuceLibraryCode/include_juce_audio_utils.mm";
			sourceTree = "SOURCE_ROOT";
		};
		E399DB1284978FD9135BC325 = {
			isa = PBXFileReference;
			lastKnownFileType = sourcecode.cpp.objcpp;
			name = "include_juce_dsp.mm";
			path = "../../JuceLibraryCode/include_juce_dsp.mm";
			sourceTree = "SOURCE_ROOT";
		};
		E81CA64E5935077449AF7295 = {
			isa = PBXFileReference;
			lastKnownFileType = file;
			name = "juce_audio_formats";
			path = "/Users/jakekelsoe/Desktop/juce/JUCE/modules/juce_audio_formats";
			sourceTree = "<absolute>";
		};
		EE46872BCE4B3AE166A2D5A5 = {
			isa = PBXFileReference;
			lastKnownFileType = file.nib;
			name = RecentFilesMenuTemplate.nib;
			path = RecentFilesMenuTemplate.nib;
			sourceTree = "SOURCE_ROOT";
		};
		F268F91061E707C3BB7BEB9D = {
			isa = PBXFileReference;
			lastKnownFileType = sourcecode.cpp.cpp;
			name = "include_juce_audio_plugin_client_utils.cpp";
			path = "../../JuceLibraryCode/include_juce_audio_plugin_client_utils.cpp";
			sourceTree = "SOURCE_ROOT";
		};
		F9E9D53C353F3A24D5C77B74 = {
			isa = PBXFileReference;
			lastKnownFileType = sourcecode.c.h;
			name = myLookAndFeel.h;
			path = ../../Source/myLookAndFeel.h;
			sourceTree = "SOURCE_ROOT";
		};
		FB5AD0442DF8ED67E35CEA99 = {
			isa = PBXFileReference;
			lastKnownFileType = sourcecode.cpp.objcpp;
			name = "include_juce_data_structures.mm";
			path = "../../JuceLibraryCode/include_juce_data_structures.mm";
			sourceTree = "SOURCE_ROOT";
		};
		6E40BF548F5FA1A107DF5376 = {
			isa = PBXGroup;
			children = (
				93005ECF289F722B02FD5D07,
				3485D574E08A677196D2BF1A,
				52152DF9A5F455E8F383F37D,
				B4BFDD056C76FA6AF6F5B390,
				F9E9D53C353F3A24D5C77B74,
				91E1790C5D97AEBF6C4A0AC4,
			);
			name = Source;
			sourceTree = "<group>";
		};
		AE57716A6526F239AA5FF082 = {
			isa = PBXGroup;
			children = (
				0CB2DF832E64532FDB134947,
				4900FF31D33D3E9ED6C0590C,
				40BA49B5941BF5790C2B8333,
			);
			name = Resources;
			sourceTree = "<group>";
		};
		060E9C6467EFD847BC2BA0E5 = {
			isa = PBXGroup;
			children = (
				6E40BF548F5FA1A107DF5376,
				AE57716A6526F239AA5FF082,
			);
			name = BadChannelModDemo;
			sourceTree = "<group>";
		};
		4D288B544933D9BD6BE2F75F = {
			isa = PBXGroup;
			children = (
				7C529196A2694B5B98666D2E,
				9304CA97C223B8DCE84A632D,
				E81CA64E5935077449AF7295,
				C26508F2553B3CA97EB52BA1,
				3438EECC58CE0B6612B9D7AF,
				6418F055C92D0F546F825F1B,
				770F764046516B52EEAEB3B5,
				7F135D9E734A72696AACC6FB,
				84560413C7B0FE1CC3BC544F,
				185780D9109BAD9EC84DCB97,
				0BB93E44060CCB19178DBE40,
				A614630A22584B625EEB1503,
				C86B050EB6271336BD8F2A35,
			);
			name = "JUCE Modules";
			sourceTree = "<group>";
		};
		C38A65340D12A5378E7155B3 = {
			isa = PBXGroup;
			children = (
				335BBB8409ED195D63AC9ACF,
				E248135D63ADC93066295079,
				A505012699DD917B422B59FA,
				30844458AF6A4A72E20108CD,
				7AFEC1B0AFD8DEFFC99EF601,
				95964BC3DFDE87355069A3BF,
				00892A7E9052235D4CAD193F,
				0B7F395961E900B3454CE1EE,
				44144577FCE940287E6C7994,
				F268F91061E707C3BB7BEB9D,
				C526CEF59AB86FA99C19F6CE,
				4BC05456770C0594E447E9EE,
				DB04FB22A587B71E2F01DA06,
				E2B95EE453DC775159251A01,
				0EA4D2026CE6E148208D9695,
				FB5AD0442DF8ED67E35CEA99,
				E399DB1284978FD9135BC325,
				1E59D60DFD19CA342B63FF71,
				B36C6004E753C93F0D665BD1,
				8A399C4FD26F3CB95DCC9DE9,
				953178DB16F8EBAD522DEAF7,
				0B14DE3CFE0D186AF083967C,
				DB6B787088C6C3FD5CA99A4A,
			);
			name = "JUCE Library Code";
			sourceTree = "<group>";
		};
		1FE3FB59E19580B2C8CFCC4B = {
			isa = PBXGroup;
			children = (
				8BCA891056DE323060742C60,
				8036A0ED9463D18C2C122448,
				113AEF25376C0563E15C01DC,
				EE46872BCE4B3AE166A2D5A5,
			);
			name = Resources;
			sourceTree = "<group>";
		};
		401CFB7D15F1D0E15D15ABAF = {
			isa = PBXGroup;
			children = (
				B2EFA502DD4FF0BE5ACAF496,
				161BD9A6E0962B560E4DFCC8,
				D434557ECD8DCFB42E0E14CF,
				7FD61187EC8231B4BF61F380,
				4753AEDE32CF80216D09D3FE,
				CC5E4B82D092682ABCBD710E,
				44182ECFD60A561AD77E11AD,
				D735442B576FB2791CCE853C,
				263340F91012D465C3018DB3,
				B7A98E90D0C526AB91E2BAAF,
				0FB12DA9B59DF78E46A2B03D,
				458E0A709A1E19D8975B7ECE,
			);
			name = Frameworks;
			sourceTree = "<group>";
		};
		FF63335879B4179BD1DACB32 = {
			isa = PBXGroup;
			children = (
				4895231C3654A7FED93AAFCA,
				DF1D234C6F1080B67FB189F6,
				A867BF63AC4F3AF5165775CA,
				A41AEF80194C858C730CC45D,
			);
			name = Products;
			sourceTree = "<group>";
		};
		EDCB7132E9620B3D0C54746A = {
			isa = PBXGroup;
			children = (
				060E9C6467EFD847BC2BA0E5,
				4D288B544933D9BD6BE2F75F,
				C38A65340D12A5378E7155B3,
				1FE3FB59E19580B2C8CFCC4B,
				401CFB7D15F1D0E15D15ABAF,
				FF63335879B4179BD1DACB32,
			);
			name = Source;
			sourceTree = "<group>";
		};
		403CD24AD51D5A222D04D3C4 = {
			isa = PBXTargetDependency;
			target = DD32E8F6EFBD946864BB833B;
		};
		B971AD01D0935E09B651261C = {
			isa = PBXTargetDependency;
			target = 3678796AD391196D96D1E0BB;
		};
		36546F242A229F1A2ED96328 = {
			isa = PBXTargetDependency;
			target = B5CE62BCD0E2DF97BBD7E2B9;
		};
		8E65624E4983210FC1099AF8 = {
			isa = PBXTargetDependency;
			target = 23C28B636941AF7CD2C2E5D0;
		};
		913563F9263520B73F85C0D0 = {
			isa = PBXTargetDependency;
			target = 23C28B636941AF7CD2C2E5D0;
		};
		82A2A82E4009EEF2605E6457 = {
			isa = PBXTargetDependency;
			target = 23C28B636941AF7CD2C2E5D0;
		};
		1852737E3D7F7D0B6B3A9A50 = {
			isa = PBXTargetDependency;
			target = 23C28B636941AF7CD2C2E5D0;
		};
		96BFEF3DB525F1F47C1F80F9 = {
			isa = XCBuildConfiguration;
			buildSettings = {
				MACOSX_DEPLOYMENT_TARGET = 10.11;
				SDKROOT = macosx;
			};
			name = Debug;
		};
		1EBE16B3F649CFC8FABFE93A = {
			isa = XCBuildConfiguration;
			buildSettings = {
				MACOSX_DEPLOYMENT_TARGET = 10.11;
				SDKROOT = macosx;
			};
			name = Release;
		};
		D69EE7EC5C53FFD8A881FE50 = {
			isa = XCBuildConfiguration;
			buildSettings = {
				CLANG_CXX_LANGUAGE_STANDARD = "c++14";
				CLANG_CXX_LIBRARY = "libc++";
				CLANG_LINK_OBJC_RUNTIME = NO;
				CODE_SIGN_IDENTITY = "";
				COMBINE_HIDPI_IMAGES = YES;
				CONFIGURATION_BUILD_DIR = "$(PROJECT_DIR)/build/$(CONFIGURATION)";
				COPY_PHASE_STRIP = NO;
				DEPLOYMENT_LOCATION = YES;
				DSTROOT = /;
				GCC_DYNAMIC_NO_PIC = NO;
				GCC_OPTIMIZATION_LEVEL = 0;
				GCC_PREPROCESSOR_DEFINITIONS = (
					"_DEBUG=1",
					"DEBUG=1",
					"JUCER_XCODE_MAC_F6D2F4CF=1",
					"JUCE_APP_VERSION=1.0.0",
					"JUCE_APP_VERSION_HEX=0x10000",
					"JucePlugin_Build_VST=0",
					"JucePlugin_Build_VST3=1",
					"JucePlugin_Build_AU=1",
					"JucePlugin_Build_AUv3=0",
					"JucePlugin_Build_RTAS=0",
					"JucePlugin_Build_AAX=0",
					"JucePlugin_Build_Standalone=1",
					"JucePlugin_Build_Unity=0",
					"JUCE_DISPLAY_SPLASH_SCREEN=1",
					"JUCE_USE_DARK_SPLASH_SCREEN=1",
					"JUCE_PROJUCER_VERSION=0x60001",
					"JUCE_MODULE_AVAILABLE_juce_audio_basics=1",
					"JUCE_MODULE_AVAILABLE_juce_audio_devices=1",
					"JUCE_MODULE_AVAILABLE_juce_audio_formats=1",
					"JUCE_MODULE_AVAILABLE_juce_audio_plugin_client=1",
					"JUCE_MODULE_AVAILABLE_juce_audio_processors=1",
					"JUCE_MODULE_AVAILABLE_juce_audio_utils=1",
					"JUCE_MODULE_AVAILABLE_juce_core=1",
					"JUCE_MODULE_AVAILABLE_juce_data_structures=1",
					"JUCE_MODULE_AVAILABLE_juce_dsp=1",
					"JUCE_MODULE_AVAILABLE_juce_events=1",
					"JUCE_MODULE_AVAILABLE_juce_graphics=1",
					"JUCE_MODULE_AVAILABLE_juce_gui_basics=1",
					"JUCE_MODULE_AVAILABLE_juce_gui_extra=1",
					"JUCE_GLOBAL_MODULE_SETTINGS_INCLUDED=1",
					"JUCE_VST3_CAN_REPLACE_VST2=0",
					"JUCE_STRICT_REFCOUNTEDPOINTER=1",
					"JucePlugin_Enable_IAA=0",
					"JucePlugin_Name=\\\"BadChannelModDemo\\\"",
					"JucePlugin_Desc=\\\"BadChannelModDemo\\\"",
					"JucePlugin_Manufacturer=\\\"yourcompany\\\"",
					"JucePlugin_ManufacturerWebsite=\\\"\\\"",
					"JucePlugin_ManufacturerEmail=\\\"\\\"",
					"JucePlugin_ManufacturerCode=0x4d616e75",
					"JucePlugin_PluginCode=0x5339656a",
					"JucePlugin_IsSynth=0",
					"JucePlugin_WantsMidiInput=0",
					"JucePlugin_ProducesMidiOutput=0",
					"JucePlugin_IsMidiEffect=0",
					"JucePlugin_EditorRequiresKeyboardFocus=0",
					"JucePlugin_Version=1.0.0",
					"JucePlugin_VersionCode=0x10000",
					"JucePlugin_VersionString=\\\"1.0.0\\\"",
					"JucePlugin_VSTUniqueID=JucePlugin_PluginCode",
					"JucePlugin_VSTCategory=kPlugCategEffect",
					"JucePlugin_Vst3Category=\\\"Fx\\\"",
					"JucePlugin_AUMainType='aufx'",
					"JucePlugin_AUSubType=JucePlugin_PluginCode",
					"JucePlugin_AUExportPrefix=BadChannelModDemoAU",
					"JucePlugin_AUExportPrefixQuoted=\\\"BadChannelModDemoAU\\\"",
					"JucePlugin_AUManufacturerCode=JucePlugin_ManufacturerCode",
					"JucePlugin_CFBundleIdentifier=com.yourcompany.BadChannelModDemo",
					"JucePlugin_RTASCategory=0",
					"JucePlugin_RTASManufacturerCode=JucePlugin_ManufacturerCode",
					"JucePlugin_RTASProductId=JucePlugin_PluginCode",
					"JucePlugin_RTASDisableBypass=0",
					"JucePlugin_RTASDisableMultiMono=0",
					"JucePlugin_AAXIdentifier=com.yourcompany.BadChannelModDemo",
					"JucePlugin_AAXManufacturerCode=JucePlugin_ManufacturerCode",
					"JucePlugin_AAXProductId=JucePlugin_PluginCode",
					"JucePlugin_AAXCategory=0",
					"JucePlugin_AAXDisableBypass=0",
					"JucePlugin_AAXDisableMultiMono=0",
					"JucePlugin_IAAType=0x61757278",
					"JucePlugin_IAASubType=JucePlugin_PluginCode",
					"JucePlugin_IAAName=\\\"yourcompany:\\ BadChannelModDemo\\\"",
					"JucePlugin_VSTNumMidiInputs=16",
					"JucePlugin_VSTNumMidiOutputs=16",
					"JUCE_STANDALONE_APPLICATION=JucePlugin_Build_Standalone",
				);
				GCC_VERSION = com.apple.compilers.llvm.clang.1_0;
				GENERATE_PKGINFO_FILE = YES;
				HEADER_SEARCH_PATHS = (
					"/Users/jakekelsoe/Desktop/juce/JUCE/modules/juce_audio_processors/format_types/VST3_SDK",
					"../../JuceLibraryCode",
					"/Users/jakekelsoe/Desktop/juce/JUCE/modules",
					"/Users/jakekelsoe/Desktop/juce/JUCE/modules/juce_audio_plugin_client",
					"$(inherited)",
				);
				INFOPLIST_FILE = Info-VST3.plist;
				INFOPLIST_PREPROCESS = NO;
				INSTALL_PATH = "$(HOME)/Library/Audio/Plug-Ins/VST3/";
				LIBRARY_STYLE = Bundle;
				MACOSX_DEPLOYMENT_TARGET = 10.11;
				OTHER_LDFLAGS = "-bundle -lBadChannelModDemo";
				PRODUCT_BUNDLE_IDENTIFIER = com.yourcompany.BadChannelModDemo;
				PRODUCT_NAME = "BadChannelModDemo";
				USE_HEADERMAP = NO;
				WRAPPER_EXTENSION = vst3;
			};
			name = Debug;
		};
		3F968959C1EC1C3793C1986C = {
			isa = XCBuildConfiguration;
			buildSettings = {
				CLANG_CXX_LANGUAGE_STANDARD = "c++14";
				CLANG_CXX_LIBRARY = "libc++";
				CLANG_LINK_OBJC_RUNTIME = NO;
				CODE_SIGN_IDENTITY = "";
				COMBINE_HIDPI_IMAGES = YES;
				CONFIGURATION_BUILD_DIR = "$(PROJECT_DIR)/build/$(CONFIGURATION)";
				DEAD_CODE_STRIPPING = YES;
				DEPLOYMENT_LOCATION = YES;
				DSTROOT = /;
				GCC_GENERATE_DEBUGGING_SYMBOLS = NO;
				GCC_OPTIMIZATION_LEVEL = 3;
				GCC_PREPROCESSOR_DEFINITIONS = (
					"_NDEBUG=1",
					"NDEBUG=1",
					"JUCER_XCODE_MAC_F6D2F4CF=1",
					"JUCE_APP_VERSION=1.0.0",
					"JUCE_APP_VERSION_HEX=0x10000",
					"JucePlugin_Build_VST=0",
					"JucePlugin_Build_VST3=1",
					"JucePlugin_Build_AU=1",
					"JucePlugin_Build_AUv3=0",
					"JucePlugin_Build_RTAS=0",
					"JucePlugin_Build_AAX=0",
					"JucePlugin_Build_Standalone=1",
					"JucePlugin_Build_Unity=0",
					"JUCE_DISPLAY_SPLASH_SCREEN=1",
					"JUCE_USE_DARK_SPLASH_SCREEN=1",
					"JUCE_PROJUCER_VERSION=0x60001",
					"JUCE_MODULE_AVAILABLE_juce_audio_basics=1",
					"JUCE_MODULE_AVAILABLE_juce_audio_devices=1",
					"JUCE_MODULE_AVAILABLE_juce_audio_formats=1",
					"JUCE_MODULE_AVAILABLE_juce_audio_plugin_client=1",
					"JUCE_MODULE_AVAILABLE_juce_audio_processors=1",
					"JUCE_MODULE_AVAILABLE_juce_audio_utils=1",
					"JUCE_MODULE_AVAILABLE_juce_core=1",
					"JUCE_MODULE_AVAILABLE_juce_data_structures=1",
					"JUCE_MODULE_AVAILABLE_juce_dsp=1",
					"JUCE_MODULE_AVAILABLE_juce_events=1",
					"JUCE_MODULE_AVAILABLE_juce_graphics=1",
					"JUCE_MODULE_AVAILABLE_juce_gui_basics=1",
					"JUCE_MODULE_AVAILABLE_juce_gui_extra=1",
					"JUCE_GLOBAL_MODULE_SETTINGS_INCLUDED=1",
					"JUCE_VST3_CAN_REPLACE_VST2=0",
					"JUCE_STRICT_REFCOUNTEDPOINTER=1",
					"JucePlugin_Enable_IAA=0",
					"JucePlugin_Name=\\\"BadChannelModDemo\\\"",
					"JucePlugin_Desc=\\\"BadChannelModDemo\\\"",
					"JucePlugin_Manufacturer=\\\"yourcompany\\\"",
					"JucePlugin_ManufacturerWebsite=\\\"\\\"",
					"JucePlugin_ManufacturerEmail=\\\"\\\"",
					"JucePlugin_ManufacturerCode=0x4d616e75",
					"JucePlugin_PluginCode=0x5339656a",
					"JucePlugin_IsSynth=0",
					"JucePlugin_WantsMidiInput=0",
					"JucePlugin_ProducesMidiOutput=0",
					"JucePlugin_IsMidiEffect=0",
					"JucePlugin_EditorRequiresKeyboardFocus=0",
					"JucePlugin_Version=1.0.0",
					"JucePlugin_VersionCode=0x10000",
					"JucePlugin_VersionString=\\\"1.0.0\\\"",
					"JucePlugin_VSTUniqueID=JucePlugin_PluginCode",
					"JucePlugin_VSTCategory=kPlugCategEffect",
					"JucePlugin_Vst3Category=\\\"Fx\\\"",
					"JucePlugin_AUMainType='aufx'",
					"JucePlugin_AUSubType=JucePlugin_PluginCode",
					"JucePlugin_AUExportPrefix=BadChannelModDemoAU",
					"JucePlugin_AUExportPrefixQuoted=\\\"BadChannelModDemoAU\\\"",
					"JucePlugin_AUManufacturerCode=JucePlugin_ManufacturerCode",
					"JucePlugin_CFBundleIdentifier=com.yourcompany.BadChannelModDemo",
					"JucePlugin_RTASCategory=0",
					"JucePlugin_RTASManufacturerCode=JucePlugin_ManufacturerCode",
					"JucePlugin_RTASProductId=JucePlugin_PluginCode",
					"JucePlugin_RTASDisableBypass=0",
					"JucePlugin_RTASDisableMultiMono=0",
					"JucePlugin_AAXIdentifier=com.yourcompany.BadChannelModDemo",
					"JucePlugin_AAXManufacturerCode=JucePlugin_ManufacturerCode",
					"JucePlugin_AAXProductId=JucePlugin_PluginCode",
					"JucePlugin_AAXCategory=0",
					"JucePlugin_AAXDisableBypass=0",
					"JucePlugin_AAXDisableMultiMono=0",
					"JucePlugin_IAAType=0x61757278",
					"JucePlugin_IAASubType=JucePlugin_PluginCode",
					"JucePlugin_IAAName=\\\"yourcompany:\\ BadChannelModDemo\\\"",
					"JucePlugin_VSTNumMidiInputs=16",
					"JucePlugin_VSTNumMidiOutputs=16",
					"JUCE_STANDALONE_APPLICATION=JucePlugin_Build_Standalone",
				);
				GCC_VERSION = com.apple.compilers.llvm.clang.1_0;
				GENERATE_PKGINFO_FILE = YES;
				HEADER_SEARCH_PATHS = (
					"/Users/jakekelsoe/Desktop/juce/JUCE/modules/juce_audio_processors/format_types/VST3_SDK",
					"../../JuceLibraryCode",
					"/Users/jakekelsoe/Desktop/juce/JUCE/modules",
					"/Users/jakekelsoe/Desktop/juce/JUCE/modules/juce_audio_plugin_client",
					"$(inherited)",
				);
				INFOPLIST_FILE = Info-VST3.plist;
				INFOPLIST_PREPROCESS = NO;
				INSTALL_PATH = "$(HOME)/Library/Audio/Plug-Ins/VST3/";
				LIBRARY_STYLE = Bundle;
				LLVM_LTO = YES;
				MACOSX_DEPLOYMENT_TARGET = 10.11;
				OTHER_LDFLAGS = "-bundle -lBadChannelModDemo";
				PRODUCT_BUNDLE_IDENTIFIER = com.yourcompany.BadChannelModDemo;
				PRODUCT_NAME = "BadChannelModDemo";
				USE_HEADERMAP = NO;
				WRAPPER_EXTENSION = vst3;
			};
			name = Release;
		};
		F9F1BB09A43EFC428A77B57A = {
			isa = XCBuildConfiguration;
			buildSettings = {
				CLANG_CXX_LANGUAGE_STANDARD = "c++14";
				CLANG_CXX_LIBRARY = "libc++";
				CLANG_LINK_OBJC_RUNTIME = NO;
				CODE_SIGN_IDENTITY = "";
				COMBINE_HIDPI_IMAGES = YES;
				CONFIGURATION_BUILD_DIR = "$(PROJECT_DIR)/build/$(CONFIGURATION)";
				COPY_PHASE_STRIP = NO;
				DEPLOYMENT_LOCATION = YES;
				DSTROOT = /;
				GCC_DYNAMIC_NO_PIC = NO;
				GCC_OPTIMIZATION_LEVEL = 0;
				GCC_PREPROCESSOR_DEFINITIONS = (
					"_DEBUG=1",
					"DEBUG=1",
					"JUCER_XCODE_MAC_F6D2F4CF=1",
					"JUCE_APP_VERSION=1.0.0",
					"JUCE_APP_VERSION_HEX=0x10000",
					"JucePlugin_Build_VST=0",
					"JucePlugin_Build_VST3=1",
					"JucePlugin_Build_AU=1",
					"JucePlugin_Build_AUv3=0",
					"JucePlugin_Build_RTAS=0",
					"JucePlugin_Build_AAX=0",
					"JucePlugin_Build_Standalone=1",
					"JucePlugin_Build_Unity=0",
					"JUCE_DISPLAY_SPLASH_SCREEN=1",
					"JUCE_USE_DARK_SPLASH_SCREEN=1",
					"JUCE_PROJUCER_VERSION=0x60001",
					"JUCE_MODULE_AVAILABLE_juce_audio_basics=1",
					"JUCE_MODULE_AVAILABLE_juce_audio_devices=1",
					"JUCE_MODULE_AVAILABLE_juce_audio_formats=1",
					"JUCE_MODULE_AVAILABLE_juce_audio_plugin_client=1",
					"JUCE_MODULE_AVAILABLE_juce_audio_processors=1",
					"JUCE_MODULE_AVAILABLE_juce_audio_utils=1",
					"JUCE_MODULE_AVAILABLE_juce_core=1",
					"JUCE_MODULE_AVAILABLE_juce_data_structures=1",
					"JUCE_MODULE_AVAILABLE_juce_dsp=1",
					"JUCE_MODULE_AVAILABLE_juce_events=1",
					"JUCE_MODULE_AVAILABLE_juce_graphics=1",
					"JUCE_MODULE_AVAILABLE_juce_gui_basics=1",
					"JUCE_MODULE_AVAILABLE_juce_gui_extra=1",
					"JUCE_GLOBAL_MODULE_SETTINGS_INCLUDED=1",
					"JUCE_VST3_CAN_REPLACE_VST2=0",
					"JUCE_STRICT_REFCOUNTEDPOINTER=1",
					"JucePlugin_Enable_IAA=0",
					"JucePlugin_Name=\\\"BadChannelModDemo\\\"",
					"JucePlugin_Desc=\\\"BadChannelModDemo\\\"",
					"JucePlugin_Manufacturer=\\\"yourcompany\\\"",
					"JucePlugin_ManufacturerWebsite=\\\"\\\"",
					"JucePlugin_ManufacturerEmail=\\\"\\\"",
					"JucePlugin_ManufacturerCode=0x4d616e75",
					"JucePlugin_PluginCode=0x5339656a",
					"JucePlugin_IsSynth=0",
					"JucePlugin_WantsMidiInput=0",
					"JucePlugin_ProducesMidiOutput=0",
					"JucePlugin_IsMidiEffect=0",
					"JucePlugin_EditorRequiresKeyboardFocus=0",
					"JucePlugin_Version=1.0.0",
					"JucePlugin_VersionCode=0x10000",
					"JucePlugin_VersionString=\\\"1.0.0\\\"",
					"JucePlugin_VSTUniqueID=JucePlugin_PluginCode",
					"JucePlugin_VSTCategory=kPlugCategEffect",
					"JucePlugin_Vst3Category=\\\"Fx\\\"",
					"JucePlugin_AUMainType='aufx'",
					"JucePlugin_AUSubType=JucePlugin_PluginCode",
					"JucePlugin_AUExportPrefix=BadChannelModDemoAU",
					"JucePlugin_AUExportPrefixQuoted=\\\"BadChannelModDemoAU\\\"",
					"JucePlugin_AUManufacturerCode=JucePlugin_ManufacturerCode",
					"JucePlugin_CFBundleIdentifier=com.yourcompany.BadChannelModDemo",
					"JucePlugin_RTASCategory=0",
					"JucePlugin_RTASManufacturerCode=JucePlugin_ManufacturerCode",
					"JucePlugin_RTASProductId=JucePlugin_PluginCode",
					"JucePlugin_RTASDisableBypass=0",
					"JucePlugin_RTASDisableMultiMono=0",
					"JucePlugin_AAXIdentifier=com.yourcompany.BadChannelModDemo",
					"JucePlugin_AAXManufacturerCode=JucePlugin_ManufacturerCode",
					"JucePlugin_AAXProductId=JucePlugin_PluginCode",
					"JucePlugin_AAXCategory=0",
					"JucePlugin_AAXDisableBypass=0",
					"JucePlugin_AAXDisableMultiMono=0",
					"JucePlugin_IAAType=0x61757278",
					"JucePlugin_IAASubType=JucePlugin_PluginCode",
					"JucePlugin_IAAName=\\\"yourcompany:\\ BadChannelModDemo\\\"",
					"JucePlugin_VSTNumMidiInputs=16",
					"JucePlugin_VSTNumMidiOutputs=16",
					"JUCE_STANDALONE_APPLICATION=JucePlugin_Build_Standalone",
				);
				GCC_VERSION = com.apple.compilers.llvm.clang.1_0;
				GENERATE_PKGINFO_FILE = YES;
				HEADER_SEARCH_PATHS = (
					"/Users/jakekelsoe/Desktop/juce/JUCE/modules/juce_audio_processors/format_types/VST3_SDK",
					"../../JuceLibraryCode",
					"/Users/jakekelsoe/Desktop/juce/JUCE/modules",
					"/Users/jakekelsoe/Desktop/juce/JUCE/modules/juce_audio_plugin_client",
					"$(inherited)",
				);
				INFOPLIST_FILE = Info-AU.plist;
				INFOPLIST_PREPROCESS = NO;
				INSTALL_PATH = "$(HOME)/Library/Audio/Plug-Ins/Components/";
				LIBRARY_STYLE = Bundle;
				MACOSX_DEPLOYMENT_TARGET = 10.11;
				OTHER_LDFLAGS = "-bundle -lBadChannelModDemo";
				OTHER_REZFLAGS = "-d ppc_$ppc -d i386_$i386 -d ppc64_$ppc64 -d x86_64_$x86_64 -I /System/Library/Frameworks/CoreServices.framework/Frameworks/CarbonCore.framework/Versions/A/Headers -I \"$(DEVELOPER_DIR)/Extras/CoreAudio/AudioUnits/AUPublic/AUBase\" -I \"$(DEVELOPER_DIR)/Platforms/MacOSX.platform/Developer/SDKs/MacOSX.sdk/System/Library/Frameworks/AudioUnit.framework/Headers\"";
				PRODUCT_BUNDLE_IDENTIFIER = com.yourcompany.BadChannelModDemo;
				PRODUCT_NAME = "BadChannelModDemo";
				USE_HEADERMAP = NO;
				WRAPPER_EXTENSION = component;
			};
			name = Debug;
		};
		CD488B1E518D9A73A9B2E2AE = {
			isa = XCBuildConfiguration;
			buildSettings = {
				CLANG_CXX_LANGUAGE_STANDARD = "c++14";
				CLANG_CXX_LIBRARY = "libc++";
				CLANG_LINK_OBJC_RUNTIME = NO;
				CODE_SIGN_IDENTITY = "";
				COMBINE_HIDPI_IMAGES = YES;
				CONFIGURATION_BUILD_DIR = "$(PROJECT_DIR)/build/$(CONFIGURATION)";
				DEAD_CODE_STRIPPING = YES;
				DEPLOYMENT_LOCATION = YES;
				DSTROOT = /;
				GCC_GENERATE_DEBUGGING_SYMBOLS = NO;
				GCC_OPTIMIZATION_LEVEL = 3;
				GCC_PREPROCESSOR_DEFINITIONS = (
					"_NDEBUG=1",
					"NDEBUG=1",
					"JUCER_XCODE_MAC_F6D2F4CF=1",
					"JUCE_APP_VERSION=1.0.0",
					"JUCE_APP_VERSION_HEX=0x10000",
					"JucePlugin_Build_VST=0",
					"JucePlugin_Build_VST3=1",
					"JucePlugin_Build_AU=1",
					"JucePlugin_Build_AUv3=0",
					"JucePlugin_Build_RTAS=0",
					"JucePlugin_Build_AAX=0",
					"JucePlugin_Build_Standalone=1",
					"JucePlugin_Build_Unity=0",
					"JUCE_DISPLAY_SPLASH_SCREEN=1",
					"JUCE_USE_DARK_SPLASH_SCREEN=1",
					"JUCE_PROJUCER_VERSION=0x60001",
					"JUCE_MODULE_AVAILABLE_juce_audio_basics=1",
					"JUCE_MODULE_AVAILABLE_juce_audio_devices=1",
					"JUCE_MODULE_AVAILABLE_juce_audio_formats=1",
					"JUCE_MODULE_AVAILABLE_juce_audio_plugin_client=1",
					"JUCE_MODULE_AVAILABLE_juce_audio_processors=1",
					"JUCE_MODULE_AVAILABLE_juce_audio_utils=1",
					"JUCE_MODULE_AVAILABLE_juce_core=1",
					"JUCE_MODULE_AVAILABLE_juce_data_structures=1",
					"JUCE_MODULE_AVAILABLE_juce_dsp=1",
					"JUCE_MODULE_AVAILABLE_juce_events=1",
					"JUCE_MODULE_AVAILABLE_juce_graphics=1",
					"JUCE_MODULE_AVAILABLE_juce_gui_basics=1",
					"JUCE_MODULE_AVAILABLE_juce_gui_extra=1",
					"JUCE_GLOBAL_MODULE_SETTINGS_INCLUDED=1",
					"JUCE_VST3_CAN_REPLACE_VST2=0",
					"JUCE_STRICT_REFCOUNTEDPOINTER=1",
					"JucePlugin_Enable_IAA=0",
					"JucePlugin_Name=\\\"BadChannelModDemo\\\"",
					"JucePlugin_Desc=\\\"BadChannelModDemo\\\"",
					"JucePlugin_Manufacturer=\\\"yourcompany\\\"",
					"JucePlugin_ManufacturerWebsite=\\\"\\\"",
					"JucePlugin_ManufacturerEmail=\\\"\\\"",
					"JucePlugin_ManufacturerCode=0x4d616e75",
					"JucePlugin_PluginCode=0x5339656a",
					"JucePlugin_IsSynth=0",
					"JucePlugin_WantsMidiInput=0",
					"JucePlugin_ProducesMidiOutput=0",
					"JucePlugin_IsMidiEffect=0",
					"JucePlugin_EditorRequiresKeyboardFocus=0",
					"JucePlugin_Version=1.0.0",
					"JucePlugin_VersionCode=0x10000",
					"JucePlugin_VersionString=\\\"1.0.0\\\"",
					"JucePlugin_VSTUniqueID=JucePlugin_PluginCode",
					"JucePlugin_VSTCategory=kPlugCategEffect",
					"JucePlugin_Vst3Category=\\\"Fx\\\"",
					"JucePlugin_AUMainType='aufx'",
					"JucePlugin_AUSubType=JucePlugin_PluginCode",
					"JucePlugin_AUExportPrefix=BadChannelModDemoAU",
					"JucePlugin_AUExportPrefixQuoted=\\\"BadChannelModDemoAU\\\"",
					"JucePlugin_AUManufacturerCode=JucePlugin_ManufacturerCode",
					"JucePlugin_CFBundleIdentifier=com.yourcompany.BadChannelModDemo",
					"JucePlugin_RTASCategory=0",
					"JucePlugin_RTASManufacturerCode=JucePlugin_ManufacturerCode",
					"JucePlugin_RTASProductId=JucePlugin_PluginCode",
					"JucePlugin_RTASDisableBypass=0",
					"JucePlugin_RTASDisableMultiMono=0",
					"JucePlugin_AAXIdentifier=com.yourcompany.BadChannelModDemo",
					"JucePlugin_AAXManufacturerCode=JucePlugin_ManufacturerCode",
					"JucePlugin_AAXProductId=JucePlugin_PluginCode",
					"JucePlugin_AAXCategory=0",
					"JucePlugin_AAXDisableBypass=0",
					"JucePlugin_AAXDisableMultiMono=0",
					"JucePlugin_IAAType=0x61757278",
					"JucePlugin_IAASubType=JucePlugin_PluginCode",
					"JucePlugin_IAAName=\\\"yourcompany:\\ BadChannelModDemo\\\"",
					"JucePlugin_VSTNumMidiInputs=16",
					"JucePlugin_VSTNumMidiOutputs=16",
					"JUCE_STANDALONE_APPLICATION=JucePlugin_Build_Standalone",
				);
				GCC_VERSION = com.apple.compilers.llvm.clang.1_0;
				GENERATE_PKGINFO_FILE = YES;
				HEADER_SEARCH_PATHS = (
					"/Users/jakekelsoe/Desktop/juce/JUCE/modules/juce_audio_processors/format_types/VST3_SDK",
					"../../JuceLibraryCode",
					"/Users/jakekelsoe/Desktop/juce/JUCE/modules",
					"/Users/jakekelsoe/Desktop/juce/JUCE/modules/juce_audio_plugin_client",
					"$(inherited)",
				);
				INFOPLIST_FILE = Info-AU.plist;
				INFOPLIST_PREPROCESS = NO;
				INSTALL_PATH = "$(HOME)/Library/Audio/Plug-Ins/Components/";
				LIBRARY_STYLE = Bundle;
				LLVM_LTO = YES;
				MACOSX_DEPLOYMENT_TARGET = 10.11;
				OTHER_LDFLAGS = "-bundle -lBadChannelModDemo";
				OTHER_REZFLAGS = "-d ppc_$ppc -d i386_$i386 -d ppc64_$ppc64 -d x86_64_$x86_64 -I /System/Library/Frameworks/CoreServices.framework/Frameworks/CarbonCore.framework/Versions/A/Headers -I \"$(DEVELOPER_DIR)/Extras/CoreAudio/AudioUnits/AUPublic/AUBase\" -I \"$(DEVELOPER_DIR)/Platforms/MacOSX.platform/Developer/SDKs/MacOSX.sdk/System/Library/Frameworks/AudioUnit.framework/Headers\"";
				PRODUCT_BUNDLE_IDENTIFIER = com.yourcompany.BadChannelModDemo;
				PRODUCT_NAME = "BadChannelModDemo";
				USE_HEADERMAP = NO;
				WRAPPER_EXTENSION = component;
			};
			name = Release;
		};
		57761D110945CDB7788C7240 = {
			isa = XCBuildConfiguration;
			buildSettings = {
				CLANG_CXX_LANGUAGE_STANDARD = "c++14";
				CLANG_CXX_LIBRARY = "libc++";
				CLANG_LINK_OBJC_RUNTIME = NO;
				CODE_SIGN_IDENTITY = "";
				COMBINE_HIDPI_IMAGES = YES;
				CONFIGURATION_BUILD_DIR = "$(PROJECT_DIR)/build/$(CONFIGURATION)";
				COPY_PHASE_STRIP = NO;
				GCC_DYNAMIC_NO_PIC = NO;
				GCC_OPTIMIZATION_LEVEL = 0;
				GCC_PREPROCESSOR_DEFINITIONS = (
					"_DEBUG=1",
					"DEBUG=1",
					"JUCER_XCODE_MAC_F6D2F4CF=1",
					"JUCE_APP_VERSION=1.0.0",
					"JUCE_APP_VERSION_HEX=0x10000",
					"JucePlugin_Build_VST=0",
					"JucePlugin_Build_VST3=1",
					"JucePlugin_Build_AU=1",
					"JucePlugin_Build_AUv3=0",
					"JucePlugin_Build_RTAS=0",
					"JucePlugin_Build_AAX=0",
					"JucePlugin_Build_Standalone=1",
					"JucePlugin_Build_Unity=0",
					"JUCE_DISPLAY_SPLASH_SCREEN=1",
					"JUCE_USE_DARK_SPLASH_SCREEN=1",
					"JUCE_PROJUCER_VERSION=0x60001",
					"JUCE_MODULE_AVAILABLE_juce_audio_basics=1",
					"JUCE_MODULE_AVAILABLE_juce_audio_devices=1",
					"JUCE_MODULE_AVAILABLE_juce_audio_formats=1",
					"JUCE_MODULE_AVAILABLE_juce_audio_plugin_client=1",
					"JUCE_MODULE_AVAILABLE_juce_audio_processors=1",
					"JUCE_MODULE_AVAILABLE_juce_audio_utils=1",
					"JUCE_MODULE_AVAILABLE_juce_core=1",
					"JUCE_MODULE_AVAILABLE_juce_data_structures=1",
					"JUCE_MODULE_AVAILABLE_juce_dsp=1",
					"JUCE_MODULE_AVAILABLE_juce_events=1",
					"JUCE_MODULE_AVAILABLE_juce_graphics=1",
					"JUCE_MODULE_AVAILABLE_juce_gui_basics=1",
					"JUCE_MODULE_AVAILABLE_juce_gui_extra=1",
					"JUCE_GLOBAL_MODULE_SETTINGS_INCLUDED=1",
					"JUCE_VST3_CAN_REPLACE_VST2=0",
					"JUCE_STRICT_REFCOUNTEDPOINTER=1",
					"JucePlugin_Enable_IAA=0",
					"JucePlugin_Name=\\\"BadChannelModDemo\\\"",
					"JucePlugin_Desc=\\\"BadChannelModDemo\\\"",
					"JucePlugin_Manufacturer=\\\"yourcompany\\\"",
					"JucePlugin_ManufacturerWebsite=\\\"\\\"",
					"JucePlugin_ManufacturerEmail=\\\"\\\"",
					"JucePlugin_ManufacturerCode=0x4d616e75",
					"JucePlugin_PluginCode=0x5339656a",
					"JucePlugin_IsSynth=0",
					"JucePlugin_WantsMidiInput=0",
					"JucePlugin_ProducesMidiOutput=0",
					"JucePlugin_IsMidiEffect=0",
					"JucePlugin_EditorRequiresKeyboardFocus=0",
					"JucePlugin_Version=1.0.0",
					"JucePlugin_VersionCode=0x10000",
					"JucePlugin_VersionString=\\\"1.0.0\\\"",
					"JucePlugin_VSTUniqueID=JucePlugin_PluginCode",
					"JucePlugin_VSTCategory=kPlugCategEffect",
					"JucePlugin_Vst3Category=\\\"Fx\\\"",
					"JucePlugin_AUMainType='aufx'",
					"JucePlugin_AUSubType=JucePlugin_PluginCode",
					"JucePlugin_AUExportPrefix=BadChannelModDemoAU",
					"JucePlugin_AUExportPrefixQuoted=\\\"BadChannelModDemoAU\\\"",
					"JucePlugin_AUManufacturerCode=JucePlugin_ManufacturerCode",
					"JucePlugin_CFBundleIdentifier=com.yourcompany.BadChannelModDemo",
					"JucePlugin_RTASCategory=0",
					"JucePlugin_RTASManufacturerCode=JucePlugin_ManufacturerCode",
					"JucePlugin_RTASProductId=JucePlugin_PluginCode",
					"JucePlugin_RTASDisableBypass=0",
					"JucePlugin_RTASDisableMultiMono=0",
					"JucePlugin_AAXIdentifier=com.yourcompany.BadChannelModDemo",
					"JucePlugin_AAXManufacturerCode=JucePlugin_ManufacturerCode",
					"JucePlugin_AAXProductId=JucePlugin_PluginCode",
					"JucePlugin_AAXCategory=0",
					"JucePlugin_AAXDisableBypass=0",
					"JucePlugin_AAXDisableMultiMono=0",
					"JucePlugin_IAAType=0x61757278",
					"JucePlugin_IAASubType=JucePlugin_PluginCode",
					"JucePlugin_IAAName=\\\"yourcompany:\\ BadChannelModDemo\\\"",
					"JucePlugin_VSTNumMidiInputs=16",
					"JucePlugin_VSTNumMidiOutputs=16",
					"JUCE_STANDALONE_APPLICATION=JucePlugin_Build_Standalone",
				);
				GCC_VERSION = com.apple.compilers.llvm.clang.1_0;
				HEADER_SEARCH_PATHS = (
					"/Users/jakekelsoe/Desktop/juce/JUCE/modules/juce_audio_processors/format_types/VST3_SDK",
					"../../JuceLibraryCode",
					"/Users/jakekelsoe/Desktop/juce/JUCE/modules",
					"/Users/jakekelsoe/Desktop/juce/JUCE/modules/juce_audio_plugin_client",
					"$(inherited)",
				);
				INFOPLIST_FILE = Info-Standalone_Plugin.plist;
				INFOPLIST_PREPROCESS = NO;
				MACOSX_DEPLOYMENT_TARGET = 10.11;
				OTHER_LDFLAGS = "-lBadChannelModDemo";
				PRODUCT_BUNDLE_IDENTIFIER = com.yourcompany.BadChannelModDemo;
				PRODUCT_NAME = "BadChannelModDemo";
				USE_HEADERMAP = NO;
			};
			name = Debug;
		};
		2646AC42336CF96E602A8444 = {
			isa = XCBuildConfiguration;
			buildSettings = {
				CLANG_CXX_LANGUAGE_STANDARD = "c++14";
				CLANG_CXX_LIBRARY = "libc++";
				CLANG_LINK_OBJC_RUNTIME = NO;
				CODE_SIGN_IDENTITY = "";
				COMBINE_HIDPI_IMAGES = YES;
				CONFIGURATION_BUILD_DIR = "$(PROJECT_DIR)/build/$(CONFIGURATION)";
				DEAD_CODE_STRIPPING = YES;
				GCC_GENERATE_DEBUGGING_SYMBOLS = NO;
				GCC_OPTIMIZATION_LEVEL = 3;
				GCC_PREPROCESSOR_DEFINITIONS = (
					"_NDEBUG=1",
					"NDEBUG=1",
					"JUCER_XCODE_MAC_F6D2F4CF=1",
					"JUCE_APP_VERSION=1.0.0",
					"JUCE_APP_VERSION_HEX=0x10000",
					"JucePlugin_Build_VST=0",
					"JucePlugin_Build_VST3=1",
					"JucePlugin_Build_AU=1",
					"JucePlugin_Build_AUv3=0",
					"JucePlugin_Build_RTAS=0",
					"JucePlugin_Build_AAX=0",
					"JucePlugin_Build_Standalone=1",
					"JucePlugin_Build_Unity=0",
					"JUCE_DISPLAY_SPLASH_SCREEN=1",
					"JUCE_USE_DARK_SPLASH_SCREEN=1",
					"JUCE_PROJUCER_VERSION=0x60001",
					"JUCE_MODULE_AVAILABLE_juce_audio_basics=1",
					"JUCE_MODULE_AVAILABLE_juce_audio_devices=1",
					"JUCE_MODULE_AVAILABLE_juce_audio_formats=1",
					"JUCE_MODULE_AVAILABLE_juce_audio_plugin_client=1",
					"JUCE_MODULE_AVAILABLE_juce_audio_processors=1",
					"JUCE_MODULE_AVAILABLE_juce_audio_utils=1",
					"JUCE_MODULE_AVAILABLE_juce_core=1",
					"JUCE_MODULE_AVAILABLE_juce_data_structures=1",
					"JUCE_MODULE_AVAILABLE_juce_dsp=1",
					"JUCE_MODULE_AVAILABLE_juce_events=1",
					"JUCE_MODULE_AVAILABLE_juce_graphics=1",
					"JUCE_MODULE_AVAILABLE_juce_gui_basics=1",
					"JUCE_MODULE_AVAILABLE_juce_gui_extra=1",
					"JUCE_GLOBAL_MODULE_SETTINGS_INCLUDED=1",
					"JUCE_VST3_CAN_REPLACE_VST2=0",
					"JUCE_STRICT_REFCOUNTEDPOINTER=1",
					"JucePlugin_Enable_IAA=0",
					"JucePlugin_Name=\\\"BadChannelModDemo\\\"",
					"JucePlugin_Desc=\\\"BadChannelModDemo\\\"",
					"JucePlugin_Manufacturer=\\\"yourcompany\\\"",
					"JucePlugin_ManufacturerWebsite=\\\"\\\"",
					"JucePlugin_ManufacturerEmail=\\\"\\\"",
					"JucePlugin_ManufacturerCode=0x4d616e75",
					"JucePlugin_PluginCode=0x5339656a",
					"JucePlugin_IsSynth=0",
					"JucePlugin_WantsMidiInput=0",
					"JucePlugin_ProducesMidiOutput=0",
					"JucePlugin_IsMidiEffect=0",
					"JucePlugin_EditorRequiresKeyboardFocus=0",
					"JucePlugin_Version=1.0.0",
					"JucePlugin_VersionCode=0x10000",
					"JucePlugin_VersionString=\\\"1.0.0\\\"",
					"JucePlugin_VSTUniqueID=JucePlugin_PluginCode",
					"JucePlugin_VSTCategory=kPlugCategEffect",
					"JucePlugin_Vst3Category=\\\"Fx\\\"",
					"JucePlugin_AUMainType='aufx'",
					"JucePlugin_AUSubType=JucePlugin_PluginCode",
					"JucePlugin_AUExportPrefix=BadChannelModDemoAU",
					"JucePlugin_AUExportPrefixQuoted=\\\"BadChannelModDemoAU\\\"",
					"JucePlugin_AUManufacturerCode=JucePlugin_ManufacturerCode",
					"JucePlugin_CFBundleIdentifier=com.yourcompany.BadChannelModDemo",
					"JucePlugin_RTASCategory=0",
					"JucePlugin_RTASManufacturerCode=JucePlugin_ManufacturerCode",
					"JucePlugin_RTASProductId=JucePlugin_PluginCode",
					"JucePlugin_RTASDisableBypass=0",
					"JucePlugin_RTASDisableMultiMono=0",
					"JucePlugin_AAXIdentifier=com.yourcompany.BadChannelModDemo",
					"JucePlugin_AAXManufacturerCode=JucePlugin_ManufacturerCode",
					"JucePlugin_AAXProductId=JucePlugin_PluginCode",
					"JucePlugin_AAXCategory=0",
					"JucePlugin_AAXDisableBypass=0",
					"JucePlugin_AAXDisableMultiMono=0",
					"JucePlugin_IAAType=0x61757278",
					"JucePlugin_IAASubType=JucePlugin_PluginCode",
					"JucePlugin_IAAName=\\\"yourcompany:\\ BadChannelModDemo\\\"",
					"JucePlugin_VSTNumMidiInputs=16",
					"JucePlugin_VSTNumMidiOutputs=16",
					"JUCE_STANDALONE_APPLICATION=JucePlugin_Build_Standalone",
				);
				GCC_VERSION = com.apple.compilers.llvm.clang.1_0;
				HEADER_SEARCH_PATHS = (
					"/Users/jakekelsoe/Desktop/juce/JUCE/modules/juce_audio_processors/format_types/VST3_SDK",
					"../../JuceLibraryCode",
					"/Users/jakekelsoe/Desktop/juce/JUCE/modules",
					"/Users/jakekelsoe/Desktop/juce/JUCE/modules/juce_audio_plugin_client",
					"$(inherited)",
				);
				INFOPLIST_FILE = Info-Standalone_Plugin.plist;
				INFOPLIST_PREPROCESS = NO;
				LLVM_LTO = YES;
				MACOSX_DEPLOYMENT_TARGET = 10.11;
				OTHER_LDFLAGS = "-lBadChannelModDemo";
				PRODUCT_BUNDLE_IDENTIFIER = com.yourcompany.BadChannelModDemo;
				PRODUCT_NAME = "BadChannelModDemo";
				USE_HEADERMAP = NO;
			};
			name = Release;
		};
		98C9ACCF71080DF9AF16D618 = {
			isa = XCBuildConfiguration;
			buildSettings = {
				CLANG_CXX_LANGUAGE_STANDARD = "c++14";
				CLANG_CXX_LIBRARY = "libc++";
				CLANG_LINK_OBJC_RUNTIME = NO;
				CODE_SIGN_IDENTITY = "";
				COMBINE_HIDPI_IMAGES = YES;
				CONFIGURATION_BUILD_DIR = "$(PROJECT_DIR)/build/$(CONFIGURATION)";
				COPY_PHASE_STRIP = NO;
				GCC_DYNAMIC_NO_PIC = NO;
				GCC_OPTIMIZATION_LEVEL = 0;
				GCC_PREPROCESSOR_DEFINITIONS = (
					"_DEBUG=1",
					"DEBUG=1",
					"JUCER_XCODE_MAC_F6D2F4CF=1",
					"JUCE_APP_VERSION=1.0.0",
					"JUCE_APP_VERSION_HEX=0x10000",
					"JucePlugin_Build_VST=0",
					"JucePlugin_Build_VST3=1",
					"JucePlugin_Build_AU=1",
					"JucePlugin_Build_AUv3=0",
					"JucePlugin_Build_RTAS=0",
					"JucePlugin_Build_AAX=0",
					"JucePlugin_Build_Standalone=1",
					"JucePlugin_Build_Unity=0",
					"JUCE_SHARED_CODE=1",
					"JUCE_DISPLAY_SPLASH_SCREEN=1",
					"JUCE_USE_DARK_SPLASH_SCREEN=1",
					"JUCE_PROJUCER_VERSION=0x60001",
					"JUCE_MODULE_AVAILABLE_juce_audio_basics=1",
					"JUCE_MODULE_AVAILABLE_juce_audio_devices=1",
					"JUCE_MODULE_AVAILABLE_juce_audio_formats=1",
					"JUCE_MODULE_AVAILABLE_juce_audio_plugin_client=1",
					"JUCE_MODULE_AVAILABLE_juce_audio_processors=1",
					"JUCE_MODULE_AVAILABLE_juce_audio_utils=1",
					"JUCE_MODULE_AVAILABLE_juce_core=1",
					"JUCE_MODULE_AVAILABLE_juce_data_structures=1",
					"JUCE_MODULE_AVAILABLE_juce_dsp=1",
					"JUCE_MODULE_AVAILABLE_juce_events=1",
					"JUCE_MODULE_AVAILABLE_juce_graphics=1",
					"JUCE_MODULE_AVAILABLE_juce_gui_basics=1",
					"JUCE_MODULE_AVAILABLE_juce_gui_extra=1",
					"JUCE_GLOBAL_MODULE_SETTINGS_INCLUDED=1",
					"JUCE_VST3_CAN_REPLACE_VST2=0",
					"JUCE_STRICT_REFCOUNTEDPOINTER=1",
					"JucePlugin_Enable_IAA=0",
					"JucePlugin_Name=\\\"BadChannelModDemo\\\"",
					"JucePlugin_Desc=\\\"BadChannelModDemo\\\"",
					"JucePlugin_Manufacturer=\\\"yourcompany\\\"",
					"JucePlugin_ManufacturerWebsite=\\\"\\\"",
					"JucePlugin_ManufacturerEmail=\\\"\\\"",
					"JucePlugin_ManufacturerCode=0x4d616e75",
					"JucePlugin_PluginCode=0x5339656a",
					"JucePlugin_IsSynth=0",
					"JucePlugin_WantsMidiInput=0",
					"JucePlugin_ProducesMidiOutput=0",
					"JucePlugin_IsMidiEffect=0",
					"JucePlugin_EditorRequiresKeyboardFocus=0",
					"JucePlugin_Version=1.0.0",
					"JucePlugin_VersionCode=0x10000",
					"JucePlugin_VersionString=\\\"1.0.0\\\"",
					"JucePlugin_VSTUniqueID=JucePlugin_PluginCode",
					"JucePlugin_VSTCategory=kPlugCategEffect",
					"JucePlugin_Vst3Category=\\\"Fx\\\"",
					"JucePlugin_AUMainType='aufx'",
					"JucePlugin_AUSubType=JucePlugin_PluginCode",
					"JucePlugin_AUExportPrefix=BadChannelModDemoAU",
					"JucePlugin_AUExportPrefixQuoted=\\\"BadChannelModDemoAU\\\"",
					"JucePlugin_AUManufacturerCode=JucePlugin_ManufacturerCode",
					"JucePlugin_CFBundleIdentifier=com.yourcompany.BadChannelModDemo",
					"JucePlugin_RTASCategory=0",
					"JucePlugin_RTASManufacturerCode=JucePlugin_ManufacturerCode",
					"JucePlugin_RTASProductId=JucePlugin_PluginCode",
					"JucePlugin_RTASDisableBypass=0",
					"JucePlugin_RTASDisableMultiMono=0",
					"JucePlugin_AAXIdentifier=com.yourcompany.BadChannelModDemo",
					"JucePlugin_AAXManufacturerCode=JucePlugin_ManufacturerCode",
					"JucePlugin_AAXProductId=JucePlugin_PluginCode",
					"JucePlugin_AAXCategory=0",
					"JucePlugin_AAXDisableBypass=0",
					"JucePlugin_AAXDisableMultiMono=0",
					"JucePlugin_IAAType=0x61757278",
					"JucePlugin_IAASubType=JucePlugin_PluginCode",
					"JucePlugin_IAAName=\\\"yourcompany:\\ BadChannelModDemo\\\"",
					"JucePlugin_VSTNumMidiInputs=16",
					"JucePlugin_VSTNumMidiOutputs=16",
					"JUCE_STANDALONE_APPLICATION=JucePlugin_Build_Standalone",
				);
				GCC_VERSION = com.apple.compilers.llvm.clang.1_0;
				HEADER_SEARCH_PATHS = (
					"/Users/jakekelsoe/Desktop/juce/JUCE/modules/juce_audio_processors/format_types/VST3_SDK",
					"../../JuceLibraryCode",
					"/Users/jakekelsoe/Desktop/juce/JUCE/modules",
					"/Users/jakekelsoe/Desktop/juce/JUCE/modules/juce_audio_plugin_client",
					"$(inherited)",
				);
				INSTALL_PATH = "@executable_path/../Frameworks";
				MACOSX_DEPLOYMENT_TARGET = 10.11;
				PRODUCT_BUNDLE_IDENTIFIER = com.yourcompany.BadChannelModDemo;
				PRODUCT_NAME = "BadChannelModDemo";
				SKIP_INSTALL = YES;
				USE_HEADERMAP = NO;
			};
			name = Debug;
		};
		0E5DF49E91224C1B5835A790 = {
			isa = XCBuildConfiguration;
			buildSettings = {
				CLANG_CXX_LANGUAGE_STANDARD = "c++14";
				CLANG_CXX_LIBRARY = "libc++";
				CLANG_LINK_OBJC_RUNTIME = NO;
				CODE_SIGN_IDENTITY = "";
				COMBINE_HIDPI_IMAGES = YES;
				CONFIGURATION_BUILD_DIR = "$(PROJECT_DIR)/build/$(CONFIGURATION)";
				DEAD_CODE_STRIPPING = YES;
				GCC_GENERATE_DEBUGGING_SYMBOLS = NO;
				GCC_OPTIMIZATION_LEVEL = 3;
				GCC_PREPROCESSOR_DEFINITIONS = (
					"_NDEBUG=1",
					"NDEBUG=1",
					"JUCER_XCODE_MAC_F6D2F4CF=1",
					"JUCE_APP_VERSION=1.0.0",
					"JUCE_APP_VERSION_HEX=0x10000",
					"JucePlugin_Build_VST=0",
					"JucePlugin_Build_VST3=1",
					"JucePlugin_Build_AU=1",
					"JucePlugin_Build_AUv3=0",
					"JucePlugin_Build_RTAS=0",
					"JucePlugin_Build_AAX=0",
					"JucePlugin_Build_Standalone=1",
					"JucePlugin_Build_Unity=0",
					"JUCE_SHARED_CODE=1",
					"JUCE_DISPLAY_SPLASH_SCREEN=1",
					"JUCE_USE_DARK_SPLASH_SCREEN=1",
					"JUCE_PROJUCER_VERSION=0x60001",
					"JUCE_MODULE_AVAILABLE_juce_audio_basics=1",
					"JUCE_MODULE_AVAILABLE_juce_audio_devices=1",
					"JUCE_MODULE_AVAILABLE_juce_audio_formats=1",
					"JUCE_MODULE_AVAILABLE_juce_audio_plugin_client=1",
					"JUCE_MODULE_AVAILABLE_juce_audio_processors=1",
					"JUCE_MODULE_AVAILABLE_juce_audio_utils=1",
					"JUCE_MODULE_AVAILABLE_juce_core=1",
					"JUCE_MODULE_AVAILABLE_juce_data_structures=1",
					"JUCE_MODULE_AVAILABLE_juce_dsp=1",
					"JUCE_MODULE_AVAILABLE_juce_events=1",
					"JUCE_MODULE_AVAILABLE_juce_graphics=1",
					"JUCE_MODULE_AVAILABLE_juce_gui_basics=1",
					"JUCE_MODULE_AVAILABLE_juce_gui_extra=1",
					"JUCE_GLOBAL_MODULE_SETTINGS_INCLUDED=1",
					"JUCE_VST3_CAN_REPLACE_VST2=0",
					"JUCE_STRICT_REFCOUNTEDPOINTER=1",
					"JucePlugin_Enable_IAA=0",
					"JucePlugin_Name=\\\"BadChannelModDemo\\\"",
					"JucePlugin_Desc=\\\"BadChannelModDemo\\\"",
					"JucePlugin_Manufacturer=\\\"yourcompany\\\"",
					"JucePlugin_ManufacturerWebsite=\\\"\\\"",
					"JucePlugin_ManufacturerEmail=\\\"\\\"",
					"JucePlugin_ManufacturerCode=0x4d616e75",
					"JucePlugin_PluginCode=0x5339656a",
					"JucePlugin_IsSynth=0",
					"JucePlugin_WantsMidiInput=0",
					"JucePlugin_ProducesMidiOutput=0",
					"JucePlugin_IsMidiEffect=0",
					"JucePlugin_EditorRequiresKeyboardFocus=0",
					"JucePlugin_Version=1.0.0",
					"JucePlugin_VersionCode=0x10000",
					"JucePlugin_VersionString=\\\"1.0.0\\\"",
					"JucePlugin_VSTUniqueID=JucePlugin_PluginCode",
					"JucePlugin_VSTCategory=kPlugCategEffect",
					"JucePlugin_Vst3Category=\\\"Fx\\\"",
					"JucePlugin_AUMainType='aufx'",
					"JucePlugin_AUSubType=JucePlugin_PluginCode",
					"JucePlugin_AUExportPrefix=BadChannelModDemoAU",
					"JucePlugin_AUExportPrefixQuoted=\\\"BadChannelModDemoAU\\\"",
					"JucePlugin_AUManufacturerCode=JucePlugin_ManufacturerCode",
					"JucePlugin_CFBundleIdentifier=com.yourcompany.BadChannelModDemo",
					"JucePlugin_RTASCategory=0",
					"JucePlugin_RTASManufacturerCode=JucePlugin_ManufacturerCode",
					"JucePlugin_RTASProductId=JucePlugin_PluginCode",
					"JucePlugin_RTASDisableBypass=0",
					"JucePlugin_RTASDisableMultiMono=0",
					"JucePlugin_AAXIdentifier=com.yourcompany.BadChannelModDemo",
					"JucePlugin_AAXManufacturerCode=JucePlugin_ManufacturerCode",
					"JucePlugin_AAXProductId=JucePlugin_PluginCode",
					"JucePlugin_AAXCategory=0",
					"JucePlugin_AAXDisableBypass=0",
					"JucePlugin_AAXDisableMultiMono=0",
					"JucePlugin_IAAType=0x61757278",
					"JucePlugin_IAASubType=JucePlugin_PluginCode",
					"JucePlugin_IAAName=\\\"yourcompany:\\ BadChannelModDemo\\\"",
					"JucePlugin_VSTNumMidiInputs=16",
					"JucePlugin_VSTNumMidiOutputs=16",
					"JUCE_STANDALONE_APPLICATION=JucePlugin_Build_Standalone",
				);
				GCC_VERSION = com.apple.compilers.llvm.clang.1_0;
				HEADER_SEARCH_PATHS = (
					"/Users/jakekelsoe/Desktop/juce/JUCE/modules/juce_audio_processors/format_types/VST3_SDK",
					"../../JuceLibraryCode",
					"/Users/jakekelsoe/Desktop/juce/JUCE/modules",
					"/Users/jakekelsoe/Desktop/juce/JUCE/modules/juce_audio_plugin_client",
					"$(inherited)",
				);
				INSTALL_PATH = "@executable_path/../Frameworks";
				LLVM_LTO = YES;
				MACOSX_DEPLOYMENT_TARGET = 10.11;
				PRODUCT_BUNDLE_IDENTIFIER = com.yourcompany.BadChannelModDemo;
				PRODUCT_NAME = "BadChannelModDemo";
				SKIP_INSTALL = YES;
				USE_HEADERMAP = NO;
			};
			name = Release;
		};
		CADAA4CE9F7150BECCA1CCB2 = {
			isa = XCBuildConfiguration;
			buildSettings = {
				ALWAYS_SEARCH_USER_PATHS = NO;
				CLANG_ENABLE_OBJC_WEAK = YES;
				CLANG_WARN_BLOCK_CAPTURE_AUTORELEASING = YES;
				CLANG_WARN_BOOL_CONVERSION = YES;
				CLANG_WARN_COMMA = YES;
				CLANG_WARN_CONSTANT_CONVERSION = YES;
				CLANG_WARN_DEPRECATED_OBJC_IMPLEMENTATIONS = YES;
				CLANG_WARN_EMPTY_BODY = YES;
				CLANG_WARN_ENUM_CONVERSION = YES;
				CLANG_WARN_INFINITE_RECURSION = YES;
				CLANG_WARN_INT_CONVERSION = YES;
				CLANG_WARN_NON_LITERAL_NULL_CONVERSION = YES;
				CLANG_WARN_OBJC_IMPLICIT_RETAIN_SELF = YES;
				CLANG_WARN_OBJC_LITERAL_CONVERSION = YES;
				CLANG_WARN_RANGE_LOOP_ANALYSIS = YES;
				CLANG_WARN_STRICT_PROTOTYPES = YES;
				CLANG_WARN_SUSPICIOUS_MOVE = YES;
				CLANG_WARN_UNREACHABLE_CODE = YES;
				CLANG_WARN__DUPLICATE_METHOD_MATCH = YES;
				CODE_SIGN_IDENTITY = "";
				DEBUG_INFORMATION_FORMAT = dwarf;
				ENABLE_STRICT_OBJC_MSGSEND = YES;
				ENABLE_TESTABILITY = NO;
				GCC_C_LANGUAGE_STANDARD = c11;
				GCC_INLINES_ARE_PRIVATE_EXTERN = YES;
				GCC_MODEL_TUNING = G5;
				GCC_NO_COMMON_BLOCKS = YES;
				GCC_SYMBOLS_PRIVATE_EXTERN = YES;
				GCC_WARN_64_TO_32_BIT_CONVERSION = YES;
				GCC_WARN_ABOUT_RETURN_TYPE = YES;
				GCC_WARN_CHECK_SWITCH_STATEMENTS = YES;
				GCC_WARN_MISSING_PARENTHESES = YES;
				GCC_WARN_NON_VIRTUAL_DESTRUCTOR = YES;
				GCC_WARN_TYPECHECK_CALLS_TO_PRINTF = YES;
				GCC_WARN_UNDECLARED_SELECTOR = YES;
				GCC_WARN_UNINITIALIZED_AUTOS = YES;
				GCC_WARN_UNUSED_FUNCTION = YES;
				GCC_WARN_UNUSED_VARIABLE = YES;
				ONLY_ACTIVE_ARCH = YES;
				PRODUCT_NAME = "BadChannelModDemo";
				SDKROOT = macosx;
				WARNING_CFLAGS = "-Wreorder";
				ZERO_LINK = NO;
			};
			name = Debug;
		};
		8734078ACBC801EC2D6E7964 = {
			isa = XCBuildConfiguration;
			buildSettings = {
				ALWAYS_SEARCH_USER_PATHS = NO;
				CLANG_ENABLE_OBJC_WEAK = YES;
				CLANG_WARN_BLOCK_CAPTURE_AUTORELEASING = YES;
				CLANG_WARN_BOOL_CONVERSION = YES;
				CLANG_WARN_COMMA = YES;
				CLANG_WARN_CONSTANT_CONVERSION = YES;
				CLANG_WARN_DEPRECATED_OBJC_IMPLEMENTATIONS = YES;
				CLANG_WARN_EMPTY_BODY = YES;
				CLANG_WARN_ENUM_CONVERSION = YES;
				CLANG_WARN_INFINITE_RECURSION = YES;
				CLANG_WARN_INT_CONVERSION = YES;
				CLANG_WARN_NON_LITERAL_NULL_CONVERSION = YES;
				CLANG_WARN_OBJC_IMPLICIT_RETAIN_SELF = YES;
				CLANG_WARN_OBJC_LITERAL_CONVERSION = YES;
				CLANG_WARN_RANGE_LOOP_ANALYSIS = YES;
				CLANG_WARN_STRICT_PROTOTYPES = YES;
				CLANG_WARN_SUSPICIOUS_MOVE = YES;
				CLANG_WARN_UNREACHABLE_CODE = YES;
				CLANG_WARN__DUPLICATE_METHOD_MATCH = YES;
				CODE_SIGN_IDENTITY = "";
				DEBUG_INFORMATION_FORMAT = dwarf;
				ENABLE_STRICT_OBJC_MSGSEND = YES;
				ENABLE_TESTABILITY = NO;
				GCC_C_LANGUAGE_STANDARD = c11;
				GCC_INLINES_ARE_PRIVATE_EXTERN = YES;
				GCC_MODEL_TUNING = G5;
				GCC_NO_COMMON_BLOCKS = YES;
				GCC_SYMBOLS_PRIVATE_EXTERN = YES;
				GCC_WARN_64_TO_32_BIT_CONVERSION = YES;
				GCC_WARN_ABOUT_RETURN_TYPE = YES;
				GCC_WARN_CHECK_SWITCH_STATEMENTS = YES;
				GCC_WARN_MISSING_PARENTHESES = YES;
				GCC_WARN_NON_VIRTUAL_DESTRUCTOR = YES;
				GCC_WARN_TYPECHECK_CALLS_TO_PRINTF = YES;
				GCC_WARN_UNDECLARED_SELECTOR = YES;
				GCC_WARN_UNINITIALIZED_AUTOS = YES;
				GCC_WARN_UNUSED_FUNCTION = YES;
				GCC_WARN_UNUSED_VARIABLE = YES;
				PRODUCT_NAME = "BadChannelModDemo";
				SDKROOT = macosx;
				WARNING_CFLAGS = "-Wreorder";
				ZERO_LINK = NO;
			};
			name = Release;
		};
		8E2320DEB41C80102EBA4C89 = {
			isa = XCConfigurationList;
			buildConfigurations = (
				CADAA4CE9F7150BECCA1CCB2,
				8734078ACBC801EC2D6E7964,
			);
			defaultConfigurationIsVisible = 0;
			defaultConfigurationName = Debug;
		};
		9035EF34542FD874A8F534A2 = {
			isa = XCConfigurationList;
			buildConfigurations = (
				96BFEF3DB525F1F47C1F80F9,
				1EBE16B3F649CFC8FABFE93A,
			);
			defaultConfigurationIsVisible = 0;
			defaultConfigurationName = Debug;
		};
		752ED440D51E6264E9434805 = {
			isa = PBXAggregateTarget;
			buildConfigurationList = 9035EF34542FD874A8F534A2;
			buildPhases = ( );
			buildRules = ( );
			dependencies = (
				403CD24AD51D5A222D04D3C4,
				B971AD01D0935E09B651261C,
				36546F242A229F1A2ED96328,
				8E65624E4983210FC1099AF8,
			);
			name = "BadChannelModDemo - All";
			productName = BadChannelModDemo;
		};
		788B11130D52DD1305AD86E2 = {
			isa = XCConfigurationList;
			buildConfigurations = (
				D69EE7EC5C53FFD8A881FE50,
				3F968959C1EC1C3793C1986C,
			);
			defaultConfigurationIsVisible = 0;
			defaultConfigurationName = Debug;
		};
		0E7A89AFAB15E418DFC66319 = {
			isa = PBXResourcesBuildPhase;
			buildActionMask = 2147483647;
			files = (
				88300320E05B21017FEFC5DA,
			);
			runOnlyForDeploymentPostprocessing = 0;
		};
		CCA8C9DE052FB5D3685FD700 = {
			isa = PBXSourcesBuildPhase;
			buildActionMask = 2147483647;
			files = (
				7183C9FDBC0C86D439268A64,
			);
			runOnlyForDeploymentPostprocessing = 0;
		};
		847C9531601FE0ECB5AAD4F2 = {
			isa = PBXFrameworksBuildPhase;
			buildActionMask = 2147483647;
			files = (
				5CB020A5B95E731588994BD3,
				5474A1BD1A824D56D4C4AB38,
				019C1E88D2917FEA9BF85CF4,
				42CDC22C455DC0A442D10032,
				AFA92E32D939D69AB425BBAA,
				3D13E2423A17096A8CF4A9E5,
				28E1B92DE9996E9237AF0871,
				ACFE9D81D9EE89FE300389B4,
				16B7776D1F905F38BF33CCF2,
				98E7E87AA9AED452B13F773D,
				CBFE5122DB4F1178D8BEDAF7,
			);
			runOnlyForDeploymentPostprocessing = 0;
		};
		DD32E8F6EFBD946864BB833B = {
			isa = PBXNativeTarget;
			buildConfigurationList = 788B11130D52DD1305AD86E2;
			buildPhases = (
				0E7A89AFAB15E418DFC66319,
				CCA8C9DE052FB5D3685FD700,
				847C9531601FE0ECB5AAD4F2,
			);
			buildRules = ( );
			dependencies = (
				913563F9263520B73F85C0D0,
			);
			name = "BadChannelModDemo - VST3";
			productName = BadChannelModDemo;
			productReference = 4895231C3654A7FED93AAFCA;
			productType = "com.apple.product-type.bundle";
		};
		C284B2050D44E5A117E72226 = {
			isa = XCConfigurationList;
			buildConfigurations = (
				F9F1BB09A43EFC428A77B57A,
				CD488B1E518D9A73A9B2E2AE,
			);
			defaultConfigurationIsVisible = 0;
			defaultConfigurationName = Debug;
		};
		7BED8B49BD1646F4488567A6 = {
			isa = PBXResourcesBuildPhase;
			buildActionMask = 2147483647;
			files = (
				88300320E05B21017FEFC5DA,
			);
			runOnlyForDeploymentPostprocessing = 0;
		};
		240D428B5F6FEF715BD0474F = {
			isa = PBXRezBuildPhase;
			buildActionMask = 2147483647;
			files = (
				E8DD146C5C163F6D11B5D904,
			);
			runOnlyForDeploymentPostprocessing = 0;
		};
		2B09BC11A8F684A029135E57 = {
			isa = PBXSourcesBuildPhase;
			buildActionMask = 2147483647;
			files = (
				C7CE2AED4FCBBEE6A1DF2B89,
				2B2951951E4F38BB3D6076A5,
			);
			runOnlyForDeploymentPostprocessing = 0;
		};
		A97618D815F2A324937B1FCB = {
			isa = PBXFrameworksBuildPhase;
			buildActionMask = 2147483647;
			files = (
				F2C4B0F550A1F876918D3625,
				5CB020A5B95E731588994BD3,
				5474A1BD1A824D56D4C4AB38,
				019C1E88D2917FEA9BF85CF4,
				42CDC22C455DC0A442D10032,
				AFA92E32D939D69AB425BBAA,
				3D13E2423A17096A8CF4A9E5,
				28E1B92DE9996E9237AF0871,
				ACFE9D81D9EE89FE300389B4,
				16B7776D1F905F38BF33CCF2,
				98E7E87AA9AED452B13F773D,
				CBFE5122DB4F1178D8BEDAF7,
			);
			runOnlyForDeploymentPostprocessing = 0;
		};
		3678796AD391196D96D1E0BB = {
			isa = PBXNativeTarget;
			buildConfigurationList = C284B2050D44E5A117E72226;
			buildPhases = (
				7BED8B49BD1646F4488567A6,
				240D428B5F6FEF715BD0474F,
				2B09BC11A8F684A029135E57,
				A97618D815F2A324937B1FCB,
			);
			buildRules = ( );
			dependencies = (
				82A2A82E4009EEF2605E6457,
			);
			name = "BadChannelModDemo - AU";
			productName = BadChannelModDemo;
			productReference = DF1D234C6F1080B67FB189F6;
			productType = "com.apple.product-type.bundle";
		};
		1E94761BFEB9009B6117CA29 = {
			isa = XCConfigurationList;
			buildConfigurations = (
				57761D110945CDB7788C7240,
				2646AC42336CF96E602A8444,
			);
			defaultConfigurationIsVisible = 0;
			defaultConfigurationName = Debug;
		};
		CA177CC904DE95E2CDCF3854 = {
			isa = PBXResourcesBuildPhase;
			buildActionMask = 2147483647;
			files = (
				88300320E05B21017FEFC5DA,
			);
			runOnlyForDeploymentPostprocessing = 0;
		};
		232DA3152DFEF45F28419C9F = {
			isa = PBXSourcesBuildPhase;
			buildActionMask = 2147483647;
			files = (
				4C712C953EE16260E7E18FDB,
			);
			runOnlyForDeploymentPostprocessing = 0;
		};
		E467ED36D73C2A358A5F1F51 = {
			isa = PBXFrameworksBuildPhase;
			buildActionMask = 2147483647;
			files = (
				5CB020A5B95E731588994BD3,
				5474A1BD1A824D56D4C4AB38,
				019C1E88D2917FEA9BF85CF4,
				42CDC22C455DC0A442D10032,
				AFA92E32D939D69AB425BBAA,
				3D13E2423A17096A8CF4A9E5,
				28E1B92DE9996E9237AF0871,
				ACFE9D81D9EE89FE300389B4,
				16B7776D1F905F38BF33CCF2,
				98E7E87AA9AED452B13F773D,
				CBFE5122DB4F1178D8BEDAF7,
			);
			runOnlyForDeploymentPostprocessing = 0;
		};
		B5CE62BCD0E2DF97BBD7E2B9 = {
			isa = PBXNativeTarget;
			buildConfigurationList = 1E94761BFEB9009B6117CA29;
			buildPhases = (
				CA177CC904DE95E2CDCF3854,
				232DA3152DFEF45F28419C9F,
				E467ED36D73C2A358A5F1F51,
			);
			buildRules = ( );
			dependencies = (
				1852737E3D7F7D0B6B3A9A50,
			);
			name = "BadChannelModDemo - Standalone Plugin";
			productName = BadChannelModDemo;
			productReference = A867BF63AC4F3AF5165775CA;
			productType = "com.apple.product-type.application";
		};
		A7FA7EF96A9083F40663DEBF = {
			isa = XCConfigurationList;
			buildConfigurations = (
				98C9ACCF71080DF9AF16D618,
				0E5DF49E91224C1B5835A790,
			);
			defaultConfigurationIsVisible = 0;
			defaultConfigurationName = Debug;
		};
		BC01E0B30A8F9F9DB431E7DC = {
			isa = PBXSourcesBuildPhase;
			buildActionMask = 2147483647;
			files = (
				B2858FE3BEA6AB6C848E649A,
				8E0966BB31FF7AEF622B12BC,
				26E295F78E4DEA67D38F6741,
				650816A7EA2EF6E9EE8EE17F,
				26DC4DBB9245F92FC45E4F28,
				7867A908ED22F60B8B4B5914,
				B096E9DE20D6CD2A775EE4E8,
				7865F44A2F01AE71E9BCA6CE,
				AC343C51961C0A99CB7DBF65,
				602DF313649D8E3F1F2712C8,
				9084EFFE46A9397B19FAD950,
				51356D2A645954342B396AF5,
				8668BF5662D48F4999ECB8D5,
				2082AE9C66F540AA0ADC971C,
				C664AB51CE27548EFBEA2446,
				A10E4C216918D0062ACFA7A2,
				661C4DC47044FBCE7E130B1C,
			);
			runOnlyForDeploymentPostprocessing = 0;
		};
		23C28B636941AF7CD2C2E5D0 = {
			isa = PBXNativeTarget;
			buildConfigurationList = A7FA7EF96A9083F40663DEBF;
			buildPhases = (
				BC01E0B30A8F9F9DB431E7DC,
			);
			buildRules = ( );
			dependencies = ( );
			name = "BadChannelModDemo - Shared Code";
			productName = BadChannelModDemo;
			productReference = A41AEF80194C858C730CC45D;
			productType = "com.apple.product-type.library.static";
		};
		771768F9AE88B8B8856D0DEE = {
			isa = PBXProject;
			buildConfigurationList = 8E2320DEB41C80102EBA4C89;
			attributes = { LastUpgradeCheck = 1100; ORGANIZATIONNAME = ""; TargetAttributes = { 752ED440D51E6264E9434805 = { SystemCapabilities = {com.apple.ApplicationGroups.iOS = { enabled = 0; }; com.apple.InAppPurchase = { enabled = 0; }; com.apple.InterAppAudio = { enabled = 0; }; com.apple.Push = { enabled = 0; }; com.apple.Sandbox = { enabled = 0; }; com.apple.HardenedRuntime = { enabled = 0; }; }; };DD32E8F6EFBD946864BB833B = { SystemCapabilities = {com.apple.ApplicationGroups.iOS = { enabled = 0; }; com.apple.InAppPurchase = { enabled = 0; }; com.apple.InterAppAudio = { enabled = 0; }; com.apple.Push = { enabled = 0; }; com.apple.Sandbox = { enabled = 0; }; com.apple.HardenedRuntime = { enabled = 0; }; }; };3678796AD391196D96D1E0BB = { SystemCapabilities = {com.apple.ApplicationGroups.iOS = { enabled = 0; }; com.apple.InAppPurchase = { enabled = 0; }; com.apple.InterAppAudio = { enabled = 0; }; com.apple.Push = { enabled = 0; }; com.apple.Sandbox = { enabled = 0; }; com.apple.HardenedRuntime = { enabled = 0; }; }; };B5CE62BCD0E2DF97BBD7E2B9 = { SystemCapabilities = {com.apple.ApplicationGroups.iOS = { enabled = 0; }; com.apple.InAppPurchase = { enabled = 0; }; com.apple.InterAppAudio = { enabled = 0; }; com.apple.Push = { enabled = 0; }; com.apple.Sandbox = { enabled = 0; }; com.apple.HardenedRuntime = { enabled = 0; }; }; };23C28B636941AF7CD2C2E5D0 = { SystemCapabilities = {com.apple.ApplicationGroups.iOS = { enabled = 0; }; com.apple.InAppPurchase = { enabled = 0; }; com.apple.InterAppAudio = { enabled = 0; }; com.apple.Push = { enabled = 0; }; com.apple.Sandbox = { enabled = 0; }; com.apple.HardenedRuntime = { enabled = 0; }; }; }; }; };
			compatibilityVersion = "Xcode 3.2";
			hasScannedForEncodings = 0;
			mainGroup = EDCB7132E9620B3D0C54746A;
			projectDirPath = "";
			projectRoot = "";
			targets = (752ED440D51E6264E9434805, DD32E8F6EFBD946864BB833B, 3678796AD391196D96D1E0BB, B5CE62BCD0E2DF97BBD7E2B9, 23C28B636941AF7CD2C2E5D0);
			knownRegions = (en, Base);
		};
	};
	rootObject = 771768F9AE88B8B8856D0DEE;
}
